// !$*UTF8*$!
{
	archiveVersion = 1;
	classes = {
	};
	objectVersion = 50;
	objects = {

/* Begin PBXBuildFile section */
		360B5D77222417BA00C76300 /* DependencyInjector.swift in Sources */ = {isa = PBXBuildFile; fileRef = 360B5D76222417BA00C76300 /* DependencyInjector.swift */; };
		36F558FC221EAA5900CA9B69 /* NewsGateway.swift in Sources */ = {isa = PBXBuildFile; fileRef = 36F558FB221EAA5900CA9B69 /* NewsGateway.swift */; };
		36F558FE221EAAF500CA9B69 /* NewsAPICategory.swift in Sources */ = {isa = PBXBuildFile; fileRef = 36F558FD221EAAF500CA9B69 /* NewsAPICategory.swift */; };
		36F55901221EADCA00CA9B69 /* RequestError.swift in Sources */ = {isa = PBXBuildFile; fileRef = 36F55900221EADCA00CA9B69 /* RequestError.swift */; };
		36FEDDB5221DAD7400FEABBE /* AppDelegate.swift in Sources */ = {isa = PBXBuildFile; fileRef = 36FEDDB4221DAD7400FEABBE /* AppDelegate.swift */; };
		36FEDDB7221DAD7400FEABBE /* ViewController.swift in Sources */ = {isa = PBXBuildFile; fileRef = 36FEDDB6221DAD7400FEABBE /* ViewController.swift */; };
		36FEDDBA221DAD7400FEABBE /* Main.storyboard in Resources */ = {isa = PBXBuildFile; fileRef = 36FEDDB8221DAD7400FEABBE /* Main.storyboard */; };
		36FEDDBC221DAD7500FEABBE /* Assets.xcassets in Resources */ = {isa = PBXBuildFile; fileRef = 36FEDDBB221DAD7500FEABBE /* Assets.xcassets */; };
		36FEDDBF221DAD7500FEABBE /* LaunchScreen.storyboard in Resources */ = {isa = PBXBuildFile; fileRef = 36FEDDBD221DAD7500FEABBE /* LaunchScreen.storyboard */; };
		36FEDDCE221DAEBB00FEABBE /* NetworkClient.swift in Sources */ = {isa = PBXBuildFile; fileRef = 36FEDDCD221DAEBB00FEABBE /* NetworkClient.swift */; };
		36FEDDD1221DAFEA00FEABBE /* NewsAPI.swift in Sources */ = {isa = PBXBuildFile; fileRef = 36FEDDD0221DAFEA00FEABBE /* NewsAPI.swift */; };
		36FEDDD5221DB23800FEABBE /* Result.swift in Sources */ = {isa = PBXBuildFile; fileRef = 36FEDDD4221DB23800FEABBE /* Result.swift */; };
		36FEDDD8221DB38700FEABBE /* NewsArticle.swift in Sources */ = {isa = PBXBuildFile; fileRef = 36FEDDD7221DB38700FEABBE /* NewsArticle.swift */; };
		36FEDDDC221DB3D700FEABBE /* NewsAPIResponse.swift in Sources */ = {isa = PBXBuildFile; fileRef = 36FEDDDB221DB3D700FEABBE /* NewsAPIResponse.swift */; };
		36FEDDDE221DBA4700FEABBE /* GetTopHeadlinesRequest.swift in Sources */ = {isa = PBXBuildFile; fileRef = 36FEDDDD221DBA4700FEABBE /* GetTopHeadlinesRequest.swift */; };
		36FEDDE1221DBAA200FEABBE /* APIRequestProtocol.swift in Sources */ = {isa = PBXBuildFile; fileRef = 36FEDDE0221DBAA200FEABBE /* APIRequestProtocol.swift */; };
		36FEDDE3221DBD4600FEABBE /* NewsAPIRequestProtocol.swift in Sources */ = {isa = PBXBuildFile; fileRef = 36FEDDE2221DBD4600FEABBE /* NewsAPIRequestProtocol.swift */; };
		36FEDDE6221DBE0700FEABBE /* HTTPHeaders.swift in Sources */ = {isa = PBXBuildFile; fileRef = 36FEDDE5221DBE0700FEABBE /* HTTPHeaders.swift */; };
		36FEDDE9221DC7CD00FEABBE /* NewsAPICountry.swift in Sources */ = {isa = PBXBuildFile; fileRef = 36FEDDE8221DC7CD00FEABBE /* NewsAPICountry.swift */; };
		36FEDDEB221DC94700FEABBE /* NewsAPIError.swift in Sources */ = {isa = PBXBuildFile; fileRef = 36FEDDEA221DC94700FEABBE /* NewsAPIError.swift */; };
		5999F5662013780711C585F5 /* Pods_Minius.framework in Frameworks */ = {isa = PBXBuildFile; fileRef = 3DCF087C6A87C6A659FBABCC /* Pods_Minius.framework */; };
/* End PBXBuildFile section */

/* Begin PBXFileReference section */
		2E3BA71690189701FE9942CE /* Pods-Minius.debug.xcconfig */ = {isa = PBXFileReference; includeInIndex = 1; lastKnownFileType = text.xcconfig; name = "Pods-Minius.debug.xcconfig"; path = "Pods/Target Support Files/Pods-Minius/Pods-Minius.debug.xcconfig"; sourceTree = "<group>"; };
		360B5D76222417BA00C76300 /* DependencyInjector.swift */ = {isa = PBXFileReference; lastKnownFileType = sourcecode.swift; path = DependencyInjector.swift; sourceTree = "<group>"; };
		36F558FB221EAA5900CA9B69 /* NewsGateway.swift */ = {isa = PBXFileReference; lastKnownFileType = sourcecode.swift; path = NewsGateway.swift; sourceTree = "<group>"; };
		36F558FD221EAAF500CA9B69 /* NewsAPICategory.swift */ = {isa = PBXFileReference; lastKnownFileType = sourcecode.swift; path = NewsAPICategory.swift; sourceTree = "<group>"; };
		36F55900221EADCA00CA9B69 /* RequestError.swift */ = {isa = PBXFileReference; lastKnownFileType = sourcecode.swift; path = RequestError.swift; sourceTree = "<group>"; };
		36FEDDB1221DAD7400FEABBE /* Minius.app */ = {isa = PBXFileReference; explicitFileType = wrapper.application; includeInIndex = 0; path = Minius.app; sourceTree = BUILT_PRODUCTS_DIR; };
		36FEDDB4221DAD7400FEABBE /* AppDelegate.swift */ = {isa = PBXFileReference; lastKnownFileType = sourcecode.swift; path = AppDelegate.swift; sourceTree = "<group>"; };
		36FEDDB6221DAD7400FEABBE /* ViewController.swift */ = {isa = PBXFileReference; lastKnownFileType = sourcecode.swift; path = ViewController.swift; sourceTree = "<group>"; };
		36FEDDB9221DAD7400FEABBE /* Base */ = {isa = PBXFileReference; lastKnownFileType = file.storyboard; name = Base; path = Base.lproj/Main.storyboard; sourceTree = "<group>"; };
		36FEDDBB221DAD7500FEABBE /* Assets.xcassets */ = {isa = PBXFileReference; lastKnownFileType = folder.assetcatalog; path = Assets.xcassets; sourceTree = "<group>"; };
		36FEDDBE221DAD7500FEABBE /* Base */ = {isa = PBXFileReference; lastKnownFileType = file.storyboard; name = Base; path = Base.lproj/LaunchScreen.storyboard; sourceTree = "<group>"; };
		36FEDDC0221DAD7500FEABBE /* Info.plist */ = {isa = PBXFileReference; lastKnownFileType = text.plist.xml; path = Info.plist; sourceTree = "<group>"; };
		36FEDDCD221DAEBB00FEABBE /* NetworkClient.swift */ = {isa = PBXFileReference; lastKnownFileType = sourcecode.swift; path = NetworkClient.swift; sourceTree = "<group>"; };
		36FEDDD0221DAFEA00FEABBE /* NewsAPI.swift */ = {isa = PBXFileReference; lastKnownFileType = sourcecode.swift; path = NewsAPI.swift; sourceTree = "<group>"; };
		36FEDDD4221DB23800FEABBE /* Result.swift */ = {isa = PBXFileReference; lastKnownFileType = sourcecode.swift; path = Result.swift; sourceTree = "<group>"; };
		36FEDDD7221DB38700FEABBE /* NewsArticle.swift */ = {isa = PBXFileReference; lastKnownFileType = sourcecode.swift; path = NewsArticle.swift; sourceTree = "<group>"; };
		36FEDDDB221DB3D700FEABBE /* NewsAPIResponse.swift */ = {isa = PBXFileReference; lastKnownFileType = sourcecode.swift; path = NewsAPIResponse.swift; sourceTree = "<group>"; };
		36FEDDDD221DBA4700FEABBE /* GetTopHeadlinesRequest.swift */ = {isa = PBXFileReference; lastKnownFileType = sourcecode.swift; path = GetTopHeadlinesRequest.swift; sourceTree = "<group>"; };
		36FEDDE0221DBAA200FEABBE /* APIRequestProtocol.swift */ = {isa = PBXFileReference; lastKnownFileType = sourcecode.swift; path = APIRequestProtocol.swift; sourceTree = "<group>"; };
		36FEDDE2221DBD4600FEABBE /* NewsAPIRequestProtocol.swift */ = {isa = PBXFileReference; lastKnownFileType = sourcecode.swift; path = NewsAPIRequestProtocol.swift; sourceTree = "<group>"; };
		36FEDDE5221DBE0700FEABBE /* HTTPHeaders.swift */ = {isa = PBXFileReference; lastKnownFileType = sourcecode.swift; path = HTTPHeaders.swift; sourceTree = "<group>"; };
		36FEDDE8221DC7CD00FEABBE /* NewsAPICountry.swift */ = {isa = PBXFileReference; lastKnownFileType = sourcecode.swift; path = NewsAPICountry.swift; sourceTree = "<group>"; };
		36FEDDEA221DC94700FEABBE /* NewsAPIError.swift */ = {isa = PBXFileReference; lastKnownFileType = sourcecode.swift; path = NewsAPIError.swift; sourceTree = "<group>"; };
		3DCF087C6A87C6A659FBABCC /* Pods_Minius.framework */ = {isa = PBXFileReference; explicitFileType = wrapper.framework; includeInIndex = 0; path = Pods_Minius.framework; sourceTree = BUILT_PRODUCTS_DIR; };
		75DA7E48D6ECA85BC02BA245 /* Pods-Minius.release.xcconfig */ = {isa = PBXFileReference; includeInIndex = 1; lastKnownFileType = text.xcconfig; name = "Pods-Minius.release.xcconfig"; path = "Pods/Target Support Files/Pods-Minius/Pods-Minius.release.xcconfig"; sourceTree = "<group>"; };
/* End PBXFileReference section */

/* Begin PBXFrameworksBuildPhase section */
		36FEDDAE221DAD7400FEABBE /* Frameworks */ = {
			isa = PBXFrameworksBuildPhase;
			buildActionMask = 2147483647;
			files = (
				5999F5662013780711C585F5 /* Pods_Minius.framework in Frameworks */,
			);
			runOnlyForDeploymentPostprocessing = 0;
		};
/* End PBXFrameworksBuildPhase section */

/* Begin PBXGroup section */
		360B5D73222416E600C76300 /* News */ = {
			isa = PBXGroup;
			children = (
			);
			path = News;
			sourceTree = "<group>";
		};
		360B5D74222417A600C76300 /* Core */ = {
			isa = PBXGroup;
			children = (
				360B5D75222417AE00C76300 /* DI */,
			);
			path = Core;
			sourceTree = "<group>";
		};
		360B5D75222417AE00C76300 /* DI */ = {
			isa = PBXGroup;
			children = (
				360B5D76222417BA00C76300 /* DependencyInjector.swift */,
			);
			path = DI;
			sourceTree = "<group>";
		};
		36F558F6221EA79A00CA9B69 /* Use Cases */ = {
			isa = PBXGroup;
			children = (
				360B5D73222416E600C76300 /* News */,
			);
			path = "Use Cases";
			sourceTree = "<group>";
		};
		36F558F7221EA94100CA9B69 /* Gateways */ = {
			isa = PBXGroup;
			children = (
				36FEDDD2221DB15800FEABBE /* News */,
			);
			path = Gateways;
			sourceTree = "<group>";
		};
		36F558F8221EA96000CA9B69 /* API */ = {
			isa = PBXGroup;
			children = (
				36F55902221EAEAC00CA9B69 /* Configurations */,
				36FEDDDA221DB3C900FEABBE /* Entities */,
				36FEDDD3221DB16200FEABBE /* Requests */,
			);
			path = API;
			sourceTree = "<group>";
		};
		36F558FA221EA96B00CA9B69 /* Local */ = {
			isa = PBXGroup;
			children = (
			);
			path = Local;
			sourceTree = "<group>";
		};
		36F558FF221EADC100CA9B69 /* Entities */ = {
			isa = PBXGroup;
			children = (
				36F55900221EADCA00CA9B69 /* RequestError.swift */,
			);
			path = Entities;
			sourceTree = "<group>";
		};
		36F55902221EAEAC00CA9B69 /* Configurations */ = {
			isa = PBXGroup;
			children = (
				36FEDDD0221DAFEA00FEABBE /* NewsAPI.swift */,
			);
			path = Configurations;
			sourceTree = "<group>";
		};
		36FEDDA8221DAD7400FEABBE = {
			isa = PBXGroup;
			children = (
				36FEDDB3221DAD7400FEABBE /* Minius */,
				36FEDDB2221DAD7400FEABBE /* Products */,
				9ADDE73296CBFF04ECA2FA1C /* Pods */,
				CB6824A1328366AEAD4CCEFB /* Frameworks */,
			);
			sourceTree = "<group>";
		};
		36FEDDB2221DAD7400FEABBE /* Products */ = {
			isa = PBXGroup;
			children = (
				36FEDDB1221DAD7400FEABBE /* Minius.app */,
			);
			name = Products;
			sourceTree = "<group>";
		};
		36FEDDB3221DAD7400FEABBE /* Minius */ = {
			isa = PBXGroup;
			children = (
				360B5D74222417A600C76300 /* Core */,
				36F558F7221EA94100CA9B69 /* Gateways */,
				36F558F6221EA79A00CA9B69 /* Use Cases */,
				36FEDDD6221DB37800FEABBE /* Models */,
				36FEDDCB221DAEA500FEABBE /* Clients */,
				36FEDDCA221DADCB00FEABBE /* Supporting Files */,
				36FEDDC9221DADC500FEABBE /* Resources */,
				36FEDDC8221DADB600FEABBE /* Storyboards */,
				36FEDDC7221DADB100FEABBE /* View Controllers */,
				36FEDDC6221DADA500FEABBE /* Application Delegate */,
			);
			path = Minius;
			sourceTree = "<group>";
		};
		36FEDDC6221DADA500FEABBE /* Application Delegate */ = {
			isa = PBXGroup;
			children = (
				36FEDDB4221DAD7400FEABBE /* AppDelegate.swift */,
			);
			path = "Application Delegate";
			sourceTree = "<group>";
		};
		36FEDDC7221DADB100FEABBE /* View Controllers */ = {
			isa = PBXGroup;
			children = (
				36FEDDB6221DAD7400FEABBE /* ViewController.swift */,
			);
			path = "View Controllers";
			sourceTree = "<group>";
		};
		36FEDDC8221DADB600FEABBE /* Storyboards */ = {
			isa = PBXGroup;
			children = (
				36FEDDB8221DAD7400FEABBE /* Main.storyboard */,
				36FEDDBD221DAD7500FEABBE /* LaunchScreen.storyboard */,
			);
			path = Storyboards;
			sourceTree = "<group>";
		};
		36FEDDC9221DADC500FEABBE /* Resources */ = {
			isa = PBXGroup;
			children = (
				36FEDDBB221DAD7500FEABBE /* Assets.xcassets */,
			);
			path = Resources;
			sourceTree = "<group>";
		};
		36FEDDCA221DADCB00FEABBE /* Supporting Files */ = {
			isa = PBXGroup;
			children = (
				36FEDDC0221DAD7500FEABBE /* Info.plist */,
			);
			path = "Supporting Files";
			sourceTree = "<group>";
		};
		36FEDDCB221DAEA500FEABBE /* Clients */ = {
			isa = PBXGroup;
			children = (
				36FEDDCC221DAEAB00FEABBE /* Network */,
			);
			path = Clients;
			sourceTree = "<group>";
		};
		36FEDDCC221DAEAB00FEABBE /* Network */ = {
			isa = PBXGroup;
			children = (
				36FEDDCF221DAFD900FEABBE /* API */,
				36FEDDCD221DAEBB00FEABBE /* NetworkClient.swift */,
			);
			path = Network;
			sourceTree = "<group>";
		};
		36FEDDCF221DAFD900FEABBE /* API */ = {
			isa = PBXGroup;
			children = (
				36F558FF221EADC100CA9B69 /* Entities */,
				36FEDDE4221DBDF900FEABBE /* Enums */,
				36FEDDDF221DBA8700FEABBE /* Protocols */,
				36FEDDD4221DB23800FEABBE /* Result.swift */,
			);
			path = API;
			sourceTree = "<group>";
		};
		36FEDDD2221DB15800FEABBE /* News */ = {
			isa = PBXGroup;
			children = (
				36FEDDE7221DC7BF00FEABBE /* Enums */,
				36F558F8221EA96000CA9B69 /* API */,
				36F558FA221EA96B00CA9B69 /* Local */,
				36F558FB221EAA5900CA9B69 /* NewsGateway.swift */,
			);
			name = News;
			path = ../Clients/News;
			sourceTree = "<group>";
		};
		36FEDDD3221DB16200FEABBE /* Requests */ = {
			isa = PBXGroup;
			children = (
				36FEDDDD221DBA4700FEABBE /* GetTopHeadlinesRequest.swift */,
				36FEDDE2221DBD4600FEABBE /* NewsAPIRequestProtocol.swift */,
			);
			path = Requests;
			sourceTree = "<group>";
		};
		36FEDDD6221DB37800FEABBE /* Models */ = {
			isa = PBXGroup;
			children = (
				36FEDDD9221DB3A600FEABBE /* News */,
			);
			path = Models;
			sourceTree = "<group>";
		};
		36FEDDD9221DB3A600FEABBE /* News */ = {
			isa = PBXGroup;
			children = (
				36FEDDD7221DB38700FEABBE /* NewsArticle.swift */,
			);
			path = News;
			sourceTree = "<group>";
		};
		36FEDDDA221DB3C900FEABBE /* Entities */ = {
			isa = PBXGroup;
			children = (
				36FEDDDB221DB3D700FEABBE /* NewsAPIResponse.swift */,
				36FEDDEA221DC94700FEABBE /* NewsAPIError.swift */,
			);
			path = Entities;
			sourceTree = "<group>";
		};
		36FEDDDF221DBA8700FEABBE /* Protocols */ = {
			isa = PBXGroup;
			children = (
				36FEDDE0221DBAA200FEABBE /* APIRequestProtocol.swift */,
			);
			path = Protocols;
			sourceTree = "<group>";
		};
		36FEDDE4221DBDF900FEABBE /* Enums */ = {
			isa = PBXGroup;
			children = (
				36FEDDE5221DBE0700FEABBE /* HTTPHeaders.swift */,
			);
			path = Enums;
			sourceTree = "<group>";
		};
		36FEDDE7221DC7BF00FEABBE /* Enums */ = {
			isa = PBXGroup;
			children = (
				36FEDDE8221DC7CD00FEABBE /* NewsAPICountry.swift */,
				36F558FD221EAAF500CA9B69 /* NewsAPICategory.swift */,
			);
			path = Enums;
			sourceTree = "<group>";
		};
		9ADDE73296CBFF04ECA2FA1C /* Pods */ = {
			isa = PBXGroup;
			children = (
				2E3BA71690189701FE9942CE /* Pods-Minius.debug.xcconfig */,
				75DA7E48D6ECA85BC02BA245 /* Pods-Minius.release.xcconfig */,
			);
			name = Pods;
			sourceTree = "<group>";
		};
		CB6824A1328366AEAD4CCEFB /* Frameworks */ = {
			isa = PBXGroup;
			children = (
				3DCF087C6A87C6A659FBABCC /* Pods_Minius.framework */,
			);
			name = Frameworks;
			sourceTree = "<group>";
		};
/* End PBXGroup section */

/* Begin PBXNativeTarget section */
		36FEDDB0221DAD7400FEABBE /* Minius */ = {
			isa = PBXNativeTarget;
			buildConfigurationList = 36FEDDC3221DAD7500FEABBE /* Build configuration list for PBXNativeTarget "Minius" */;
			buildPhases = (
				8F434327E85AB38C743EF61B /* [CP] Check Pods Manifest.lock */,
				36FEDDAD221DAD7400FEABBE /* Sources */,
				36FEDDAE221DAD7400FEABBE /* Frameworks */,
				36FEDDAF221DAD7400FEABBE /* Resources */,
				DB6A319757A28F95F040DB92 /* [CP] Embed Pods Frameworks */,
			);
			buildRules = (
			);
			dependencies = (
			);
			name = Minius;
			productName = Minius;
			productReference = 36FEDDB1221DAD7400FEABBE /* Minius.app */;
			productType = "com.apple.product-type.application";
		};
/* End PBXNativeTarget section */

/* Begin PBXProject section */
		36FEDDA9221DAD7400FEABBE /* Project object */ = {
			isa = PBXProject;
			attributes = {
				LastSwiftUpdateCheck = 1010;
				LastUpgradeCheck = 1010;
				ORGANIZATIONNAME = "Miguel Alcântara";
				TargetAttributes = {
					36FEDDB0221DAD7400FEABBE = {
						CreatedOnToolsVersion = 10.1;
					};
				};
			};
			buildConfigurationList = 36FEDDAC221DAD7400FEABBE /* Build configuration list for PBXProject "Minius" */;
			compatibilityVersion = "Xcode 9.3";
			developmentRegion = en;
			hasScannedForEncodings = 0;
			knownRegions = (
				en,
				Base,
			);
			mainGroup = 36FEDDA8221DAD7400FEABBE;
			productRefGroup = 36FEDDB2221DAD7400FEABBE /* Products */;
			projectDirPath = "";
			projectRoot = "";
			targets = (
				36FEDDB0221DAD7400FEABBE /* Minius */,
			);
		};
/* End PBXProject section */

/* Begin PBXResourcesBuildPhase section */
		36FEDDAF221DAD7400FEABBE /* Resources */ = {
			isa = PBXResourcesBuildPhase;
			buildActionMask = 2147483647;
			files = (
				36FEDDBF221DAD7500FEABBE /* LaunchScreen.storyboard in Resources */,
				36FEDDBC221DAD7500FEABBE /* Assets.xcassets in Resources */,
				36FEDDBA221DAD7400FEABBE /* Main.storyboard in Resources */,
			);
			runOnlyForDeploymentPostprocessing = 0;
		};
/* End PBXResourcesBuildPhase section */

/* Begin PBXShellScriptBuildPhase section */
		8F434327E85AB38C743EF61B /* [CP] Check Pods Manifest.lock */ = {
			isa = PBXShellScriptBuildPhase;
			buildActionMask = 2147483647;
			files = (
			);
			inputPaths = (
				"${PODS_PODFILE_DIR_PATH}/Podfile.lock",
				"${PODS_ROOT}/Manifest.lock",
			);
			name = "[CP] Check Pods Manifest.lock";
			outputPaths = (
				"$(DERIVED_FILE_DIR)/Pods-Minius-checkManifestLockResult.txt",
			);
			runOnlyForDeploymentPostprocessing = 0;
			shellPath = /bin/sh;
			shellScript = "diff \"${PODS_PODFILE_DIR_PATH}/Podfile.lock\" \"${PODS_ROOT}/Manifest.lock\" > /dev/null\nif [ $? != 0 ] ; then\n    # print error to STDERR\n    echo \"error: The sandbox is not in sync with the Podfile.lock. Run 'pod install' or update your CocoaPods installation.\" >&2\n    exit 1\nfi\n# This output is used by Xcode 'outputs' to avoid re-running this script phase.\necho \"SUCCESS\" > \"${SCRIPT_OUTPUT_FILE_0}\"\n";
			showEnvVarsInLog = 0;
		};
		DB6A319757A28F95F040DB92 /* [CP] Embed Pods Frameworks */ = {
			isa = PBXShellScriptBuildPhase;
			buildActionMask = 2147483647;
			files = (
			);
			inputPaths = (
				"${SRCROOT}/Pods/Target Support Files/Pods-Minius/Pods-Minius-frameworks.sh",
				"${BUILT_PRODUCTS_DIR}/Alamofire/Alamofire.framework",
				"${BUILT_PRODUCTS_DIR}/Hero/Hero.framework",
				"${BUILT_PRODUCTS_DIR}/RxAlamofire/RxAlamofire.framework",
				"${BUILT_PRODUCTS_DIR}/RxAtomic/RxAtomic.framework",
				"${BUILT_PRODUCTS_DIR}/RxCocoa/RxCocoa.framework",
				"${BUILT_PRODUCTS_DIR}/RxSwift/RxSwift.framework",
				"${BUILT_PRODUCTS_DIR}/Swinject/Swinject.framework",
				"${BUILT_PRODUCTS_DIR}/SwinjectAutoregistration/SwinjectAutoregistration.framework",
				"${BUILT_PRODUCTS_DIR}/SwinjectStoryboard/SwinjectStoryboard.framework",
			);
			name = "[CP] Embed Pods Frameworks";
			outputPaths = (
				"${TARGET_BUILD_DIR}/${FRAMEWORKS_FOLDER_PATH}/Alamofire.framework",
				"${TARGET_BUILD_DIR}/${FRAMEWORKS_FOLDER_PATH}/Hero.framework",
				"${TARGET_BUILD_DIR}/${FRAMEWORKS_FOLDER_PATH}/RxAlamofire.framework",
				"${TARGET_BUILD_DIR}/${FRAMEWORKS_FOLDER_PATH}/RxAtomic.framework",
				"${TARGET_BUILD_DIR}/${FRAMEWORKS_FOLDER_PATH}/RxCocoa.framework",
				"${TARGET_BUILD_DIR}/${FRAMEWORKS_FOLDER_PATH}/RxSwift.framework",
				"${TARGET_BUILD_DIR}/${FRAMEWORKS_FOLDER_PATH}/Swinject.framework",
				"${TARGET_BUILD_DIR}/${FRAMEWORKS_FOLDER_PATH}/SwinjectAutoregistration.framework",
				"${TARGET_BUILD_DIR}/${FRAMEWORKS_FOLDER_PATH}/SwinjectStoryboard.framework",
			);
			runOnlyForDeploymentPostprocessing = 0;
			shellPath = /bin/sh;
			shellScript = "\"${SRCROOT}/Pods/Target Support Files/Pods-Minius/Pods-Minius-frameworks.sh\"\n";
			showEnvVarsInLog = 0;
		};
/* End PBXShellScriptBuildPhase section */

/* Begin PBXSourcesBuildPhase section */
		36FEDDAD221DAD7400FEABBE /* Sources */ = {
			isa = PBXSourcesBuildPhase;
			buildActionMask = 2147483647;
			files = (
				36F55901221EADCA00CA9B69 /* RequestError.swift in Sources */,
				36FEDDDE221DBA4700FEABBE /* GetTopHeadlinesRequest.swift in Sources */,
				36F558FC221EAA5900CA9B69 /* NewsGateway.swift in Sources */,
				36FEDDB7221DAD7400FEABBE /* ViewController.swift in Sources */,
				36FEDDD8221DB38700FEABBE /* NewsArticle.swift in Sources */,
				36FEDDDC221DB3D700FEABBE /* NewsAPIResponse.swift in Sources */,
				36FEDDEB221DC94700FEABBE /* NewsAPIError.swift in Sources */,
				36F558FE221EAAF500CA9B69 /* NewsAPICategory.swift in Sources */,
				36FEDDE1221DBAA200FEABBE /* APIRequestProtocol.swift in Sources */,
				36FEDDD5221DB23800FEABBE /* Result.swift in Sources */,
				36FEDDE9221DC7CD00FEABBE /* NewsAPICountry.swift in Sources */,
				36FEDDB5221DAD7400FEABBE /* AppDelegate.swift in Sources */,
				36FEDDCE221DAEBB00FEABBE /* NetworkClient.swift in Sources */,
				36FEDDD1221DAFEA00FEABBE /* NewsAPI.swift in Sources */,
				36FEDDE3221DBD4600FEABBE /* NewsAPIRequestProtocol.swift in Sources */,
				360B5D77222417BA00C76300 /* DependencyInjector.swift in Sources */,
				36FEDDE6221DBE0700FEABBE /* HTTPHeaders.swift in Sources */,
			);
			runOnlyForDeploymentPostprocessing = 0;
		};
/* End PBXSourcesBuildPhase section */

/* Begin PBXVariantGroup section */
		36FEDDB8221DAD7400FEABBE /* Main.storyboard */ = {
			isa = PBXVariantGroup;
			children = (
				36FEDDB9221DAD7400FEABBE /* Base */,
			);
			name = Main.storyboard;
			sourceTree = "<group>";
		};
		36FEDDBD221DAD7500FEABBE /* LaunchScreen.storyboard */ = {
			isa = PBXVariantGroup;
			children = (
				36FEDDBE221DAD7500FEABBE /* Base */,
			);
			name = LaunchScreen.storyboard;
			sourceTree = "<group>";
		};
/* End PBXVariantGroup section */

/* Begin XCBuildConfiguration section */
		36FEDDC1221DAD7500FEABBE /* Debug */ = {
			isa = XCBuildConfiguration;
			buildSettings = {
				ALWAYS_SEARCH_USER_PATHS = NO;
				CLANG_ANALYZER_NONNULL = YES;
				CLANG_ANALYZER_NUMBER_OBJECT_CONVERSION = YES_AGGRESSIVE;
				CLANG_CXX_LANGUAGE_STANDARD = "gnu++14";
				CLANG_CXX_LIBRARY = "libc++";
				CLANG_ENABLE_MODULES = YES;
				CLANG_ENABLE_OBJC_ARC = YES;
				CLANG_ENABLE_OBJC_WEAK = YES;
				CLANG_WARN_BLOCK_CAPTURE_AUTORELEASING = YES;
				CLANG_WARN_BOOL_CONVERSION = YES;
				CLANG_WARN_COMMA = YES;
				CLANG_WARN_CONSTANT_CONVERSION = YES;
				CLANG_WARN_DEPRECATED_OBJC_IMPLEMENTATIONS = YES;
				CLANG_WARN_DIRECT_OBJC_ISA_USAGE = YES_ERROR;
				CLANG_WARN_DOCUMENTATION_COMMENTS = YES;
				CLANG_WARN_EMPTY_BODY = YES;
				CLANG_WARN_ENUM_CONVERSION = YES;
				CLANG_WARN_INFINITE_RECURSION = YES;
				CLANG_WARN_INT_CONVERSION = YES;
				CLANG_WARN_NON_LITERAL_NULL_CONVERSION = YES;
				CLANG_WARN_OBJC_IMPLICIT_RETAIN_SELF = YES;
				CLANG_WARN_OBJC_LITERAL_CONVERSION = YES;
				CLANG_WARN_OBJC_ROOT_CLASS = YES_ERROR;
				CLANG_WARN_RANGE_LOOP_ANALYSIS = YES;
				CLANG_WARN_STRICT_PROTOTYPES = YES;
				CLANG_WARN_SUSPICIOUS_MOVE = YES;
				CLANG_WARN_UNGUARDED_AVAILABILITY = YES_AGGRESSIVE;
				CLANG_WARN_UNREACHABLE_CODE = YES;
				CLANG_WARN__DUPLICATE_METHOD_MATCH = YES;
				CODE_SIGN_IDENTITY = "iPhone Developer";
				COPY_PHASE_STRIP = NO;
				DEBUG_INFORMATION_FORMAT = dwarf;
				ENABLE_STRICT_OBJC_MSGSEND = YES;
				ENABLE_TESTABILITY = YES;
				GCC_C_LANGUAGE_STANDARD = gnu11;
				GCC_DYNAMIC_NO_PIC = NO;
				GCC_NO_COMMON_BLOCKS = YES;
				GCC_OPTIMIZATION_LEVEL = 0;
				GCC_PREPROCESSOR_DEFINITIONS = (
					"DEBUG=1",
					"$(inherited)",
				);
				GCC_WARN_64_TO_32_BIT_CONVERSION = YES;
				GCC_WARN_ABOUT_RETURN_TYPE = YES_ERROR;
				GCC_WARN_UNDECLARED_SELECTOR = YES;
				GCC_WARN_UNINITIALIZED_AUTOS = YES_AGGRESSIVE;
				GCC_WARN_UNUSED_FUNCTION = YES;
				GCC_WARN_UNUSED_VARIABLE = YES;
				IPHONEOS_DEPLOYMENT_TARGET = 12.1;
				MTL_ENABLE_DEBUG_INFO = INCLUDE_SOURCE;
				MTL_FAST_MATH = YES;
				ONLY_ACTIVE_ARCH = YES;
				SDKROOT = iphoneos;
				SWIFT_ACTIVE_COMPILATION_CONDITIONS = DEBUG;
				SWIFT_OPTIMIZATION_LEVEL = "-Onone";
			};
			name = Debug;
		};
		36FEDDC2221DAD7500FEABBE /* Release */ = {
			isa = XCBuildConfiguration;
			buildSettings = {
				ALWAYS_SEARCH_USER_PATHS = NO;
				CLANG_ANALYZER_NONNULL = YES;
				CLANG_ANALYZER_NUMBER_OBJECT_CONVERSION = YES_AGGRESSIVE;
				CLANG_CXX_LANGUAGE_STANDARD = "gnu++14";
				CLANG_CXX_LIBRARY = "libc++";
				CLANG_ENABLE_MODULES = YES;
				CLANG_ENABLE_OBJC_ARC = YES;
				CLANG_ENABLE_OBJC_WEAK = YES;
				CLANG_WARN_BLOCK_CAPTURE_AUTORELEASING = YES;
				CLANG_WARN_BOOL_CONVERSION = YES;
				CLANG_WARN_COMMA = YES;
				CLANG_WARN_CONSTANT_CONVERSION = YES;
				CLANG_WARN_DEPRECATED_OBJC_IMPLEMENTATIONS = YES;
				CLANG_WARN_DIRECT_OBJC_ISA_USAGE = YES_ERROR;
				CLANG_WARN_DOCUMENTATION_COMMENTS = YES;
				CLANG_WARN_EMPTY_BODY = YES;
				CLANG_WARN_ENUM_CONVERSION = YES;
				CLANG_WARN_INFINITE_RECURSION = YES;
				CLANG_WARN_INT_CONVERSION = YES;
				CLANG_WARN_NON_LITERAL_NULL_CONVERSION = YES;
				CLANG_WARN_OBJC_IMPLICIT_RETAIN_SELF = YES;
				CLANG_WARN_OBJC_LITERAL_CONVERSION = YES;
				CLANG_WARN_OBJC_ROOT_CLASS = YES_ERROR;
				CLANG_WARN_RANGE_LOOP_ANALYSIS = YES;
				CLANG_WARN_STRICT_PROTOTYPES = YES;
				CLANG_WARN_SUSPICIOUS_MOVE = YES;
				CLANG_WARN_UNGUARDED_AVAILABILITY = YES_AGGRESSIVE;
				CLANG_WARN_UNREACHABLE_CODE = YES;
				CLANG_WARN__DUPLICATE_METHOD_MATCH = YES;
				CODE_SIGN_IDENTITY = "iPhone Developer";
				COPY_PHASE_STRIP = NO;
				DEBUG_INFORMATION_FORMAT = "dwarf-with-dsym";
				ENABLE_NS_ASSERTIONS = NO;
				ENABLE_STRICT_OBJC_MSGSEND = YES;
				GCC_C_LANGUAGE_STANDARD = gnu11;
				GCC_NO_COMMON_BLOCKS = YES;
				GCC_WARN_64_TO_32_BIT_CONVERSION = YES;
				GCC_WARN_ABOUT_RETURN_TYPE = YES_ERROR;
				GCC_WARN_UNDECLARED_SELECTOR = YES;
				GCC_WARN_UNINITIALIZED_AUTOS = YES_AGGRESSIVE;
				GCC_WARN_UNUSED_FUNCTION = YES;
				GCC_WARN_UNUSED_VARIABLE = YES;
				IPHONEOS_DEPLOYMENT_TARGET = 12.1;
				MTL_ENABLE_DEBUG_INFO = NO;
				MTL_FAST_MATH = YES;
				SDKROOT = iphoneos;
				SWIFT_COMPILATION_MODE = wholemodule;
				SWIFT_OPTIMIZATION_LEVEL = "-O";
				VALIDATE_PRODUCT = YES;
			};
			name = Release;
		};
		36FEDDC4221DAD7500FEABBE /* Debug */ = {
			isa = XCBuildConfiguration;
			baseConfigurationReference = 2E3BA71690189701FE9942CE /* Pods-Minius.debug.xcconfig */;
			buildSettings = {
				ASSETCATALOG_COMPILER_APPICON_NAME = AppIcon;
				CODE_SIGN_STYLE = Automatic;
				DEVELOPMENT_TEAM = P3D83YHARN;
				INFOPLIST_FILE = "$(SRCROOT)/Minius/Supporting Files/Info.plist";
				LD_RUNPATH_SEARCH_PATHS = (
					"$(inherited)",
					"@executable_path/Frameworks",
				);
				PRODUCT_BUNDLE_IDENTIFIER = asd.Minius;
				PRODUCT_NAME = "$(TARGET_NAME)";
				SWIFT_VERSION = 4.2;
				TARGETED_DEVICE_FAMILY = "1,2";
			};
			name = Debug;
		};
		36FEDDC5221DAD7500FEABBE /* Release */ = {
			isa = XCBuildConfiguration;
			baseConfigurationReference = 75DA7E48D6ECA85BC02BA245 /* Pods-Minius.release.xcconfig */;
			buildSettings = {
				ASSETCATALOG_COMPILER_APPICON_NAME = AppIcon;
				CODE_SIGN_STYLE = Automatic;
				DEVELOPMENT_TEAM = P3D83YHARN;
				INFOPLIST_FILE = "$(SRCROOT)/Minius/Supporting Files/Info.plist";
				LD_RUNPATH_SEARCH_PATHS = (
					"$(inherited)",
					"@executable_path/Frameworks",
				);
				PRODUCT_BUNDLE_IDENTIFIER = asd.Minius;
				PRODUCT_NAME = "$(TARGET_NAME)";
				SWIFT_VERSION = 4.2;
				TARGETED_DEVICE_FAMILY = "1,2";
			};
			name = Release;
		};
/* End XCBuildConfiguration section */

/* Begin XCConfigurationList section */
		36FEDDAC221DAD7400FEABBE /* Build configuration list for PBXProject "Minius" */ = {
			isa = XCConfigurationList;
			buildConfigurations = (
				36FEDDC1221DAD7500FEABBE /* Debug */,
				36FEDDC2221DAD7500FEABBE /* Release */,
			);
			defaultConfigurationIsVisible = 0;
			defaultConfigurationName = Release;
		};
		36FEDDC3221DAD7500FEABBE /* Build configuration list for PBXNativeTarget "Minius" */ = {
			isa = XCConfigurationList;
			buildConfigurations = (
				36FEDDC4221DAD7500FEABBE /* Debug */,
				36FEDDC5221DAD7500FEABBE /* Release */,
			);
			defaultConfigurationIsVisible = 0;
			defaultConfigurationName = Release;
		};
/* End XCConfigurationList section */
	};
	rootObject = 36FEDDA9221DAD7400FEABBE /* Project object */;
}
