// !$*UTF8*$!
{
	archiveVersion = 1;
	classes = {
	};
	objectVersion = 50;
	objects = {

/* Begin PBXBuildFile section */
		3605134C222820E900D647B2 /* HeadlinesSettingsCollectionViewCell.swift in Sources */ = {isa = PBXBuildFile; fileRef = 3605134A222820E900D647B2 /* HeadlinesSettingsCollectionViewCell.swift */; };
		3605134D222820E900D647B2 /* HeadlinesSettingsCollectionViewCell.xib in Resources */ = {isa = PBXBuildFile; fileRef = 3605134B222820E900D647B2 /* HeadlinesSettingsCollectionViewCell.xib */; };
		360513502228222D00D647B2 /* HeadlinesFilterViewModel.swift in Sources */ = {isa = PBXBuildFile; fileRef = 3605134F2228222D00D647B2 /* HeadlinesFilterViewModel.swift */; };
		360532862226883F00825D5B /* Obfuscator.swift in Sources */ = {isa = PBXBuildFile; fileRef = 360532852226883F00825D5B /* Obfuscator.swift */; };
		360532892226AABE00825D5B /* NewsArticleViewViewModel.swift in Sources */ = {isa = PBXBuildFile; fileRef = 360532882226AABE00825D5B /* NewsArticleViewViewModel.swift */; };
		3605328F2226F15600825D5B /* MiniusButton.swift in Sources */ = {isa = PBXBuildFile; fileRef = 3605328E2226F15600825D5B /* MiniusButton.swift */; };
		3608EC032225508200866DED /* NewsArticleViewController.swift in Sources */ = {isa = PBXBuildFile; fileRef = 3608EC022225508200866DED /* NewsArticleViewController.swift */; };
		3608EC052225587E00866DED /* NSObject.swift in Sources */ = {isa = PBXBuildFile; fileRef = 3608EC042225587E00866DED /* NSObject.swift */; };
		3608EC08222578E900866DED /* LocalImagesGateway.swift in Sources */ = {isa = PBXBuildFile; fileRef = 3608EC07222578E900866DED /* LocalImagesGateway.swift */; };
		3608EC0B22257C5800866DED /* CacheClient.swift in Sources */ = {isa = PBXBuildFile; fileRef = 3608EC0A22257C5800866DED /* CacheClient.swift */; };
		3608EC0E22257D3100866DED /* String.swift in Sources */ = {isa = PBXBuildFile; fileRef = 3608EC0D22257D3100866DED /* String.swift */; };
		3608EC112225B19000866DED /* TopHeadlinesViewViewModel.swift in Sources */ = {isa = PBXBuildFile; fileRef = 3608EC102225B19000866DED /* TopHeadlinesViewViewModel.swift */; };
		360A31E9223916AB0056ADC3 /* UIApplication.swift in Sources */ = {isa = PBXBuildFile; fileRef = 360A31E8223916AB0056ADC3 /* UIApplication.swift */; };
		360B5D77222417BA00C76300 /* DependencyInjector.swift in Sources */ = {isa = PBXBuildFile; fileRef = 360B5D76222417BA00C76300 /* DependencyInjector.swift */; };
		360C55862237D21200602CA6 /* GetNewsSourcesRequest.swift in Sources */ = {isa = PBXBuildFile; fileRef = 360C55852237D21200602CA6 /* GetNewsSourcesRequest.swift */; };
		360C55882237E4CF00602CA6 /* GetNewsSourcesUseCase.swift in Sources */ = {isa = PBXBuildFile; fileRef = 360C55872237E4CF00602CA6 /* GetNewsSourcesUseCase.swift */; };
		360C558A2237E58100602CA6 /* NewsSource.swift in Sources */ = {isa = PBXBuildFile; fileRef = 360C55892237E58100602CA6 /* NewsSource.swift */; };
		360C558C2237E5DA00602CA6 /* NewsAPISource.swift in Sources */ = {isa = PBXBuildFile; fileRef = 360C558B2237E5DA00602CA6 /* NewsAPISource.swift */; };
		360C558E2237E62400602CA6 /* NewsAPISourceResponse.swift in Sources */ = {isa = PBXBuildFile; fileRef = 360C558D2237E62400602CA6 /* NewsAPISourceResponse.swift */; };
		360C55902237EB6C00602CA6 /* GetNewsCountriesUseCase.swift in Sources */ = {isa = PBXBuildFile; fileRef = 360C558F2237EB6C00602CA6 /* GetNewsCountriesUseCase.swift */; };
		360C55922237EBF400602CA6 /* GetNewsCategoriesUseCase.swift in Sources */ = {isa = PBXBuildFile; fileRef = 360C55912237EBF400602CA6 /* GetNewsCategoriesUseCase.swift */; };
		360C55942237F72100602CA6 /* BaseNavigationController.swift in Sources */ = {isa = PBXBuildFile; fileRef = 360C55932237F72100602CA6 /* BaseNavigationController.swift */; };
		360C55972237F93900602CA6 /* NewsSettings.storyboard in Resources */ = {isa = PBXBuildFile; fileRef = 360C55962237F93900602CA6 /* NewsSettings.storyboard */; };
		3614AE6022293B6500A2C82D /* UIColor.swift in Sources */ = {isa = PBXBuildFile; fileRef = 3614AE5F22293B6500A2C82D /* UIColor.swift */; };
		3614AE622229413D00A2C82D /* NewsSettingsEditViewController.swift in Sources */ = {isa = PBXBuildFile; fileRef = 3614AE612229413D00A2C82D /* NewsSettingsEditViewController.swift */; };
		364340FE223A625500238207 /* UIImage.swift in Sources */ = {isa = PBXBuildFile; fileRef = 364340FD223A625500238207 /* UIImage.swift */; };
		36434101223AA3CB00238207 /* MiniusLoader.swift in Sources */ = {isa = PBXBuildFile; fileRef = 36434100223AA3CA00238207 /* MiniusLoader.swift */; };
		36434103223AA4BB00238207 /* MiniusLoader.xib in Resources */ = {isa = PBXBuildFile; fileRef = 36434102223AA4BB00238207 /* MiniusLoader.xib */; };
		36568C552227014100E81E1D /* HeadlinesFilterViewController.swift in Sources */ = {isa = PBXBuildFile; fileRef = 36568C542227014100E81E1D /* HeadlinesFilterViewController.swift */; };
		36568C58222706B300E81E1D /* BaseViewController.swift in Sources */ = {isa = PBXBuildFile; fileRef = 36568C57222706B300E81E1D /* BaseViewController.swift */; };
		365E87DD222827A3009CD759 /* HeadlineFilterCellViewModel.swift in Sources */ = {isa = PBXBuildFile; fileRef = 365E87DC222827A3009CD759 /* HeadlineFilterCellViewModel.swift */; };
		365E87E1222834C3009CD759 /* UserDefaultsClient.swift in Sources */ = {isa = PBXBuildFile; fileRef = 365E87E0222834C3009CD759 /* UserDefaultsClient.swift */; };
		366E841B22295B32000CC218 /* HeadlinesSettingsTableViewCell.swift in Sources */ = {isa = PBXBuildFile; fileRef = 366E841A22295B32000CC218 /* HeadlinesSettingsTableViewCell.swift */; };
		366E841D22295B47000CC218 /* HeadlinesSettingsTableViewCell.xib in Resources */ = {isa = PBXBuildFile; fileRef = 366E841C22295B47000CC218 /* HeadlinesSettingsTableViewCell.xib */; };
		366E841F22295D8C000CC218 /* NewsSettingsEditViewModel.swift in Sources */ = {isa = PBXBuildFile; fileRef = 366E841E22295D8C000CC218 /* NewsSettingsEditViewModel.swift */; };
		366E84212229739A000CC218 /* CAGradientLayer.swift in Sources */ = {isa = PBXBuildFile; fileRef = 366E84202229739A000CC218 /* CAGradientLayer.swift */; };
		366EF9792224346200CE345E /* GetTopHeadlinesUseCase.swift in Sources */ = {isa = PBXBuildFile; fileRef = 366EF9782224346200CE345E /* GetTopHeadlinesUseCase.swift */; };
		366EF98322243D5500CE345E /* NewsHeadlineTableViewCell.swift in Sources */ = {isa = PBXBuildFile; fileRef = 366EF98122243D5500CE345E /* NewsHeadlineTableViewCell.swift */; };
		366EF98422243D5500CE345E /* NewsHeadlineTableViewCell.xib in Resources */ = {isa = PBXBuildFile; fileRef = 366EF98222243D5500CE345E /* NewsHeadlineTableViewCell.xib */; };
		366EF98822243ED700CE345E /* UIView+UIVisualEffect.swift in Sources */ = {isa = PBXBuildFile; fileRef = 366EF98722243ED700CE345E /* UIView+UIVisualEffect.swift */; };
		366EF98E2224403900CE345E /* TopHeadlineCellViewModel.swift in Sources */ = {isa = PBXBuildFile; fileRef = 366EF98D2224403900CE345E /* TopHeadlineCellViewModel.swift */; };
		366EF9902224426F00CE345E /* UITableViewCell+NSLayoutAnchor.swift in Sources */ = {isa = PBXBuildFile; fileRef = 366EF98F2224426F00CE345E /* UITableViewCell+NSLayoutAnchor.swift */; };
		366EF9932224448000CE345E /* FetchImageUseCase.swift in Sources */ = {isa = PBXBuildFile; fileRef = 366EF9922224448000CE345E /* FetchImageUseCase.swift */; };
		366EF996222444DA00CE345E /* NewsGateway.swift in Sources */ = {isa = PBXBuildFile; fileRef = 366EF995222444D900CE345E /* NewsGateway.swift */; };
		366EF999222444F700CE345E /* NewsAPICategory.swift in Sources */ = {isa = PBXBuildFile; fileRef = 366EF997222444F600CE345E /* NewsAPICategory.swift */; };
		366EF99A222444F700CE345E /* NewsAPICountry.swift in Sources */ = {isa = PBXBuildFile; fileRef = 366EF998222444F700CE345E /* NewsAPICountry.swift */; };
		366EF99C2224450200CE345E /* NewsAPI.swift in Sources */ = {isa = PBXBuildFile; fileRef = 366EF99B2224450200CE345E /* NewsAPI.swift */; };
		366EF99F2224450900CE345E /* NewsAPIResponse.swift in Sources */ = {isa = PBXBuildFile; fileRef = 366EF99D2224450900CE345E /* NewsAPIResponse.swift */; };
		366EF9A02224450900CE345E /* NewsAPIError.swift in Sources */ = {isa = PBXBuildFile; fileRef = 366EF99E2224450900CE345E /* NewsAPIError.swift */; };
		366EF9A32224451200CE345E /* GetTopHeadlinesRequest.swift in Sources */ = {isa = PBXBuildFile; fileRef = 366EF9A12224451200CE345E /* GetTopHeadlinesRequest.swift */; };
		366EF9A42224451200CE345E /* NewsAPIRequestProtocol.swift in Sources */ = {isa = PBXBuildFile; fileRef = 366EF9A22224451200CE345E /* NewsAPIRequestProtocol.swift */; };
		366EF9A62224451800CE345E /* APINewsGateway.swift in Sources */ = {isa = PBXBuildFile; fileRef = 366EF9A52224451700CE345E /* APINewsGateway.swift */; };
		366EF9A82224460500CE345E /* ImagesGateway.swift in Sources */ = {isa = PBXBuildFile; fileRef = 366EF9A72224460500CE345E /* ImagesGateway.swift */; };
		366EF9AB2224464600CE345E /* APIImagesGateway.swift in Sources */ = {isa = PBXBuildFile; fileRef = 366EF9AA2224464600CE345E /* APIImagesGateway.swift */; };
		366EF9AE2224487700CE345E /* FetchImageRequest.swift in Sources */ = {isa = PBXBuildFile; fileRef = 366EF9AD2224487700CE345E /* FetchImageRequest.swift */; };
		3677573A2228525000CB19E0 /* NewsSettings.swift in Sources */ = {isa = PBXBuildFile; fileRef = 367757392228525000CB19E0 /* NewsSettings.swift */; };
		36F55901221EADCA00CA9B69 /* RequestError.swift in Sources */ = {isa = PBXBuildFile; fileRef = 36F55900221EADCA00CA9B69 /* RequestError.swift */; };
		36FEDDB5221DAD7400FEABBE /* AppDelegate.swift in Sources */ = {isa = PBXBuildFile; fileRef = 36FEDDB4221DAD7400FEABBE /* AppDelegate.swift */; };
		36FEDDB7221DAD7400FEABBE /* TopHeadlinesViewController.swift in Sources */ = {isa = PBXBuildFile; fileRef = 36FEDDB6221DAD7400FEABBE /* TopHeadlinesViewController.swift */; };
		36FEDDBA221DAD7400FEABBE /* Main.storyboard in Resources */ = {isa = PBXBuildFile; fileRef = 36FEDDB8221DAD7400FEABBE /* Main.storyboard */; };
		36FEDDBC221DAD7500FEABBE /* Assets.xcassets in Resources */ = {isa = PBXBuildFile; fileRef = 36FEDDBB221DAD7500FEABBE /* Assets.xcassets */; };
		36FEDDBF221DAD7500FEABBE /* LaunchScreen.storyboard in Resources */ = {isa = PBXBuildFile; fileRef = 36FEDDBD221DAD7500FEABBE /* LaunchScreen.storyboard */; };
		36FEDDCE221DAEBB00FEABBE /* NetworkClient.swift in Sources */ = {isa = PBXBuildFile; fileRef = 36FEDDCD221DAEBB00FEABBE /* NetworkClient.swift */; };
		36FEDDD5221DB23800FEABBE /* Result.swift in Sources */ = {isa = PBXBuildFile; fileRef = 36FEDDD4221DB23800FEABBE /* Result.swift */; };
		36FEDDD8221DB38700FEABBE /* NewsArticle.swift in Sources */ = {isa = PBXBuildFile; fileRef = 36FEDDD7221DB38700FEABBE /* NewsArticle.swift */; };
		36FEDDE1221DBAA200FEABBE /* APIRequestProtocol.swift in Sources */ = {isa = PBXBuildFile; fileRef = 36FEDDE0221DBAA200FEABBE /* APIRequestProtocol.swift */; };
		36FEDDE6221DBE0700FEABBE /* HTTPHeaders.swift in Sources */ = {isa = PBXBuildFile; fileRef = 36FEDDE5221DBE0700FEABBE /* HTTPHeaders.swift */; };
		5999F5662013780711C585F5 /* Pods_Minius.framework in Frameworks */ = {isa = PBXBuildFile; fileRef = 3DCF087C6A87C6A659FBABCC /* Pods_Minius.framework */; };
/* End PBXBuildFile section */

/* Begin PBXFileReference section */
		2E3BA71690189701FE9942CE /* Pods-Minius.debug.xcconfig */ = {isa = PBXFileReference; includeInIndex = 1; lastKnownFileType = text.xcconfig; name = "Pods-Minius.debug.xcconfig"; path = "Pods/Target Support Files/Pods-Minius/Pods-Minius.debug.xcconfig"; sourceTree = "<group>"; };
		3605134A222820E900D647B2 /* HeadlinesSettingsCollectionViewCell.swift */ = {isa = PBXFileReference; lastKnownFileType = sourcecode.swift; path = HeadlinesSettingsCollectionViewCell.swift; sourceTree = "<group>"; };
		3605134B222820E900D647B2 /* HeadlinesSettingsCollectionViewCell.xib */ = {isa = PBXFileReference; lastKnownFileType = file.xib; path = HeadlinesSettingsCollectionViewCell.xib; sourceTree = "<group>"; };
		3605134F2228222D00D647B2 /* HeadlinesFilterViewModel.swift */ = {isa = PBXFileReference; lastKnownFileType = sourcecode.swift; name = HeadlinesFilterViewModel.swift; path = "../View Model/HeadlinesFilterViewModel.swift"; sourceTree = "<group>"; };
		360532852226883F00825D5B /* Obfuscator.swift */ = {isa = PBXFileReference; lastKnownFileType = sourcecode.swift; path = Obfuscator.swift; sourceTree = "<group>"; };
		360532882226AABE00825D5B /* NewsArticleViewViewModel.swift */ = {isa = PBXFileReference; lastKnownFileType = sourcecode.swift; path = NewsArticleViewViewModel.swift; sourceTree = "<group>"; };
		3605328E2226F15600825D5B /* MiniusButton.swift */ = {isa = PBXFileReference; lastKnownFileType = sourcecode.swift; path = MiniusButton.swift; sourceTree = "<group>"; };
		3608EC022225508200866DED /* NewsArticleViewController.swift */ = {isa = PBXFileReference; lastKnownFileType = sourcecode.swift; path = NewsArticleViewController.swift; sourceTree = "<group>"; };
		3608EC042225587E00866DED /* NSObject.swift */ = {isa = PBXFileReference; lastKnownFileType = sourcecode.swift; path = NSObject.swift; sourceTree = "<group>"; };
		3608EC07222578E900866DED /* LocalImagesGateway.swift */ = {isa = PBXFileReference; lastKnownFileType = sourcecode.swift; path = LocalImagesGateway.swift; sourceTree = "<group>"; };
		3608EC0A22257C5800866DED /* CacheClient.swift */ = {isa = PBXFileReference; lastKnownFileType = sourcecode.swift; path = CacheClient.swift; sourceTree = "<group>"; };
		3608EC0D22257D3100866DED /* String.swift */ = {isa = PBXFileReference; lastKnownFileType = sourcecode.swift; path = String.swift; sourceTree = "<group>"; };
		3608EC102225B19000866DED /* TopHeadlinesViewViewModel.swift */ = {isa = PBXFileReference; lastKnownFileType = sourcecode.swift; path = TopHeadlinesViewViewModel.swift; sourceTree = "<group>"; };
		360A31E8223916AB0056ADC3 /* UIApplication.swift */ = {isa = PBXFileReference; lastKnownFileType = sourcecode.swift; path = UIApplication.swift; sourceTree = "<group>"; };
		360B5D76222417BA00C76300 /* DependencyInjector.swift */ = {isa = PBXFileReference; lastKnownFileType = sourcecode.swift; path = DependencyInjector.swift; sourceTree = "<group>"; };
		360C55852237D21200602CA6 /* GetNewsSourcesRequest.swift */ = {isa = PBXFileReference; fileEncoding = 4; lastKnownFileType = sourcecode.swift; path = GetNewsSourcesRequest.swift; sourceTree = "<group>"; };
		360C55872237E4CF00602CA6 /* GetNewsSourcesUseCase.swift */ = {isa = PBXFileReference; fileEncoding = 4; lastKnownFileType = sourcecode.swift; path = GetNewsSourcesUseCase.swift; sourceTree = "<group>"; };
		360C55892237E58100602CA6 /* NewsSource.swift */ = {isa = PBXFileReference; lastKnownFileType = sourcecode.swift; path = NewsSource.swift; sourceTree = "<group>"; };
		360C558B2237E5DA00602CA6 /* NewsAPISource.swift */ = {isa = PBXFileReference; lastKnownFileType = sourcecode.swift; path = NewsAPISource.swift; sourceTree = "<group>"; };
		360C558D2237E62400602CA6 /* NewsAPISourceResponse.swift */ = {isa = PBXFileReference; lastKnownFileType = sourcecode.swift; path = NewsAPISourceResponse.swift; sourceTree = "<group>"; };
		360C558F2237EB6C00602CA6 /* GetNewsCountriesUseCase.swift */ = {isa = PBXFileReference; fileEncoding = 4; lastKnownFileType = sourcecode.swift; path = GetNewsCountriesUseCase.swift; sourceTree = "<group>"; };
		360C55912237EBF400602CA6 /* GetNewsCategoriesUseCase.swift */ = {isa = PBXFileReference; fileEncoding = 4; lastKnownFileType = sourcecode.swift; path = GetNewsCategoriesUseCase.swift; sourceTree = "<group>"; };
		360C55932237F72100602CA6 /* BaseNavigationController.swift */ = {isa = PBXFileReference; fileEncoding = 4; lastKnownFileType = sourcecode.swift; path = BaseNavigationController.swift; sourceTree = "<group>"; };
		360C55962237F93900602CA6 /* NewsSettings.storyboard */ = {isa = PBXFileReference; lastKnownFileType = file.storyboard; path = NewsSettings.storyboard; sourceTree = "<group>"; };
		3614AE5F22293B6500A2C82D /* UIColor.swift */ = {isa = PBXFileReference; lastKnownFileType = sourcecode.swift; path = UIColor.swift; sourceTree = "<group>"; };
		3614AE612229413D00A2C82D /* NewsSettingsEditViewController.swift */ = {isa = PBXFileReference; lastKnownFileType = sourcecode.swift; path = NewsSettingsEditViewController.swift; sourceTree = "<group>"; };
		364340FD223A625500238207 /* UIImage.swift */ = {isa = PBXFileReference; lastKnownFileType = sourcecode.swift; name = UIImage.swift; path = Minius/Extensions/UIImage.swift; sourceTree = SOURCE_ROOT; };
		36434100223AA3CA00238207 /* MiniusLoader.swift */ = {isa = PBXFileReference; lastKnownFileType = sourcecode.swift; path = MiniusLoader.swift; sourceTree = "<group>"; };
		36434102223AA4BB00238207 /* MiniusLoader.xib */ = {isa = PBXFileReference; lastKnownFileType = file.xib; path = MiniusLoader.xib; sourceTree = "<group>"; };
		36568C542227014100E81E1D /* HeadlinesFilterViewController.swift */ = {isa = PBXFileReference; lastKnownFileType = sourcecode.swift; path = HeadlinesFilterViewController.swift; sourceTree = "<group>"; };
		36568C57222706B300E81E1D /* BaseViewController.swift */ = {isa = PBXFileReference; lastKnownFileType = sourcecode.swift; path = BaseViewController.swift; sourceTree = "<group>"; };
		365E87DC222827A3009CD759 /* HeadlineFilterCellViewModel.swift */ = {isa = PBXFileReference; lastKnownFileType = sourcecode.swift; path = HeadlineFilterCellViewModel.swift; sourceTree = "<group>"; };
		365E87E0222834C3009CD759 /* UserDefaultsClient.swift */ = {isa = PBXFileReference; lastKnownFileType = sourcecode.swift; path = UserDefaultsClient.swift; sourceTree = "<group>"; };
		366E841A22295B32000CC218 /* HeadlinesSettingsTableViewCell.swift */ = {isa = PBXFileReference; fileEncoding = 4; lastKnownFileType = sourcecode.swift; path = HeadlinesSettingsTableViewCell.swift; sourceTree = "<group>"; };
		366E841C22295B47000CC218 /* HeadlinesSettingsTableViewCell.xib */ = {isa = PBXFileReference; fileEncoding = 4; lastKnownFileType = file.xib; name = HeadlinesSettingsTableViewCell.xib; path = "Minius/Views/Table View Cells/Settings Edit Table View Cell/HeadlinesSettingsTableViewCell.xib"; sourceTree = SOURCE_ROOT; };
		366E841E22295D8C000CC218 /* NewsSettingsEditViewModel.swift */ = {isa = PBXFileReference; lastKnownFileType = sourcecode.swift; path = NewsSettingsEditViewModel.swift; sourceTree = "<group>"; };
		366E84202229739A000CC218 /* CAGradientLayer.swift */ = {isa = PBXFileReference; lastKnownFileType = sourcecode.swift; path = CAGradientLayer.swift; sourceTree = "<group>"; };
		366EF9782224346200CE345E /* GetTopHeadlinesUseCase.swift */ = {isa = PBXFileReference; lastKnownFileType = sourcecode.swift; path = GetTopHeadlinesUseCase.swift; sourceTree = "<group>"; };
		366EF98122243D5500CE345E /* NewsHeadlineTableViewCell.swift */ = {isa = PBXFileReference; lastKnownFileType = sourcecode.swift; path = NewsHeadlineTableViewCell.swift; sourceTree = "<group>"; };
		366EF98222243D5500CE345E /* NewsHeadlineTableViewCell.xib */ = {isa = PBXFileReference; lastKnownFileType = file.xib; path = NewsHeadlineTableViewCell.xib; sourceTree = "<group>"; };
		366EF98722243ED700CE345E /* UIView+UIVisualEffect.swift */ = {isa = PBXFileReference; lastKnownFileType = sourcecode.swift; path = "UIView+UIVisualEffect.swift"; sourceTree = "<group>"; };
		366EF98D2224403900CE345E /* TopHeadlineCellViewModel.swift */ = {isa = PBXFileReference; lastKnownFileType = sourcecode.swift; path = TopHeadlineCellViewModel.swift; sourceTree = "<group>"; };
		366EF98F2224426F00CE345E /* UITableViewCell+NSLayoutAnchor.swift */ = {isa = PBXFileReference; lastKnownFileType = sourcecode.swift; path = "UITableViewCell+NSLayoutAnchor.swift"; sourceTree = "<group>"; };
		366EF9922224448000CE345E /* FetchImageUseCase.swift */ = {isa = PBXFileReference; lastKnownFileType = sourcecode.swift; path = FetchImageUseCase.swift; sourceTree = "<group>"; };
		366EF995222444D900CE345E /* NewsGateway.swift */ = {isa = PBXFileReference; fileEncoding = 4; lastKnownFileType = sourcecode.swift; path = NewsGateway.swift; sourceTree = "<group>"; };
		366EF997222444F600CE345E /* NewsAPICategory.swift */ = {isa = PBXFileReference; fileEncoding = 4; lastKnownFileType = sourcecode.swift; path = NewsAPICategory.swift; sourceTree = "<group>"; };
		366EF998222444F700CE345E /* NewsAPICountry.swift */ = {isa = PBXFileReference; fileEncoding = 4; lastKnownFileType = sourcecode.swift; path = NewsAPICountry.swift; sourceTree = "<group>"; };
		366EF99B2224450200CE345E /* NewsAPI.swift */ = {isa = PBXFileReference; fileEncoding = 4; lastKnownFileType = sourcecode.swift; path = NewsAPI.swift; sourceTree = "<group>"; };
		366EF99D2224450900CE345E /* NewsAPIResponse.swift */ = {isa = PBXFileReference; fileEncoding = 4; lastKnownFileType = sourcecode.swift; path = NewsAPIResponse.swift; sourceTree = "<group>"; };
		366EF99E2224450900CE345E /* NewsAPIError.swift */ = {isa = PBXFileReference; fileEncoding = 4; lastKnownFileType = sourcecode.swift; path = NewsAPIError.swift; sourceTree = "<group>"; };
		366EF9A12224451200CE345E /* GetTopHeadlinesRequest.swift */ = {isa = PBXFileReference; fileEncoding = 4; lastKnownFileType = sourcecode.swift; path = GetTopHeadlinesRequest.swift; sourceTree = "<group>"; };
		366EF9A22224451200CE345E /* NewsAPIRequestProtocol.swift */ = {isa = PBXFileReference; fileEncoding = 4; lastKnownFileType = sourcecode.swift; path = NewsAPIRequestProtocol.swift; sourceTree = "<group>"; };
		366EF9A52224451700CE345E /* APINewsGateway.swift */ = {isa = PBXFileReference; fileEncoding = 4; lastKnownFileType = sourcecode.swift; path = APINewsGateway.swift; sourceTree = "<group>"; };
		366EF9A72224460500CE345E /* ImagesGateway.swift */ = {isa = PBXFileReference; lastKnownFileType = sourcecode.swift; path = ImagesGateway.swift; sourceTree = "<group>"; };
		366EF9AA2224464600CE345E /* APIImagesGateway.swift */ = {isa = PBXFileReference; lastKnownFileType = sourcecode.swift; path = APIImagesGateway.swift; sourceTree = "<group>"; };
		366EF9AD2224487700CE345E /* FetchImageRequest.swift */ = {isa = PBXFileReference; lastKnownFileType = sourcecode.swift; path = FetchImageRequest.swift; sourceTree = "<group>"; };
		367757392228525000CB19E0 /* NewsSettings.swift */ = {isa = PBXFileReference; lastKnownFileType = sourcecode.swift; path = NewsSettings.swift; sourceTree = "<group>"; };
		36F55900221EADCA00CA9B69 /* RequestError.swift */ = {isa = PBXFileReference; lastKnownFileType = sourcecode.swift; path = RequestError.swift; sourceTree = "<group>"; };
		36FEDDB1221DAD7400FEABBE /* Minius.app */ = {isa = PBXFileReference; explicitFileType = wrapper.application; includeInIndex = 0; path = Minius.app; sourceTree = BUILT_PRODUCTS_DIR; };
		36FEDDB4221DAD7400FEABBE /* AppDelegate.swift */ = {isa = PBXFileReference; lastKnownFileType = sourcecode.swift; path = AppDelegate.swift; sourceTree = "<group>"; };
		36FEDDB6221DAD7400FEABBE /* TopHeadlinesViewController.swift */ = {isa = PBXFileReference; lastKnownFileType = sourcecode.swift; path = TopHeadlinesViewController.swift; sourceTree = "<group>"; };
		36FEDDB9221DAD7400FEABBE /* Base */ = {isa = PBXFileReference; lastKnownFileType = file.storyboard; name = Base; path = Base.lproj/Main.storyboard; sourceTree = "<group>"; };
		36FEDDBB221DAD7500FEABBE /* Assets.xcassets */ = {isa = PBXFileReference; lastKnownFileType = folder.assetcatalog; path = Assets.xcassets; sourceTree = "<group>"; };
		36FEDDBE221DAD7500FEABBE /* Base */ = {isa = PBXFileReference; lastKnownFileType = file.storyboard; name = Base; path = Base.lproj/LaunchScreen.storyboard; sourceTree = "<group>"; };
		36FEDDC0221DAD7500FEABBE /* Info.plist */ = {isa = PBXFileReference; lastKnownFileType = text.plist.xml; path = Info.plist; sourceTree = "<group>"; };
		36FEDDCD221DAEBB00FEABBE /* NetworkClient.swift */ = {isa = PBXFileReference; lastKnownFileType = sourcecode.swift; path = NetworkClient.swift; sourceTree = "<group>"; };
		36FEDDD4221DB23800FEABBE /* Result.swift */ = {isa = PBXFileReference; lastKnownFileType = sourcecode.swift; path = Result.swift; sourceTree = "<group>"; };
		36FEDDD7221DB38700FEABBE /* NewsArticle.swift */ = {isa = PBXFileReference; lastKnownFileType = sourcecode.swift; path = NewsArticle.swift; sourceTree = "<group>"; };
		36FEDDE0221DBAA200FEABBE /* APIRequestProtocol.swift */ = {isa = PBXFileReference; lastKnownFileType = sourcecode.swift; path = APIRequestProtocol.swift; sourceTree = "<group>"; };
		36FEDDE5221DBE0700FEABBE /* HTTPHeaders.swift */ = {isa = PBXFileReference; lastKnownFileType = sourcecode.swift; path = HTTPHeaders.swift; sourceTree = "<group>"; };
		3DCF087C6A87C6A659FBABCC /* Pods_Minius.framework */ = {isa = PBXFileReference; explicitFileType = wrapper.framework; includeInIndex = 0; path = Pods_Minius.framework; sourceTree = BUILT_PRODUCTS_DIR; };
		75DA7E48D6ECA85BC02BA245 /* Pods-Minius.release.xcconfig */ = {isa = PBXFileReference; includeInIndex = 1; lastKnownFileType = text.xcconfig; name = "Pods-Minius.release.xcconfig"; path = "Pods/Target Support Files/Pods-Minius/Pods-Minius.release.xcconfig"; sourceTree = "<group>"; };
/* End PBXFileReference section */

/* Begin PBXFrameworksBuildPhase section */
		36FEDDAE221DAD7400FEABBE /* Frameworks */ = {
			isa = PBXFrameworksBuildPhase;
			buildActionMask = 2147483647;
			files = (
				5999F5662013780711C585F5 /* Pods_Minius.framework in Frameworks */,
			);
			runOnlyForDeploymentPostprocessing = 0;
		};
/* End PBXFrameworksBuildPhase section */

/* Begin PBXGroup section */
		36051349222820B500D647B2 /* Collection View Cells */ = {
			isa = PBXGroup;
			children = (
				3605134A222820E900D647B2 /* HeadlinesSettingsCollectionViewCell.swift */,
				3605134B222820E900D647B2 /* HeadlinesSettingsCollectionViewCell.xib */,
			);
			path = "Collection View Cells";
			sourceTree = "<group>";
		};
		3605134E2228221800D647B2 /* View Model */ = {
			isa = PBXGroup;
			children = (
				3605134F2228222D00D647B2 /* HeadlinesFilterViewModel.swift */,
			);
			path = "View Model";
			sourceTree = "<group>";
		};
		360532842226882C00825D5B /* Obfuscator */ = {
			isa = PBXGroup;
			children = (
				360532852226883F00825D5B /* Obfuscator.swift */,
			);
			path = Obfuscator;
			sourceTree = "<group>";
		};
		360532872226AAB000825D5B /* View Model */ = {
			isa = PBXGroup;
			children = (
				360532882226AABE00825D5B /* NewsArticleViewViewModel.swift */,
			);
			path = "View Model";
			sourceTree = "<group>";
		};
		3605328D2226F13800825D5B /* Buttons */ = {
			isa = PBXGroup;
			children = (
				3605328E2226F15600825D5B /* MiniusButton.swift */,
			);
			path = Buttons;
			sourceTree = "<group>";
		};
		3608EC0122254ECB00866DED /* Article Detail */ = {
			isa = PBXGroup;
			children = (
				360532872226AAB000825D5B /* View Model */,
				3608EC022225508200866DED /* NewsArticleViewController.swift */,
			);
			path = "Article Detail";
			sourceTree = "<group>";
		};
		3608EC06222578DB00866DED /* Local */ = {
			isa = PBXGroup;
			children = (
				3608EC07222578E900866DED /* LocalImagesGateway.swift */,
			);
			path = Local;
			sourceTree = "<group>";
		};
		3608EC0922257C4C00866DED /* Cache */ = {
			isa = PBXGroup;
			children = (
				3608EC0A22257C5800866DED /* CacheClient.swift */,
			);
			path = Cache;
			sourceTree = "<group>";
		};
		3608EC0C22257D2400866DED /* System */ = {
			isa = PBXGroup;
			children = (
				3608EC0D22257D3100866DED /* String.swift */,
				360A31E8223916AB0056ADC3 /* UIApplication.swift */,
			);
			path = System;
			sourceTree = "<group>";
		};
		3608EC0F2225B17200866DED /* View Model */ = {
			isa = PBXGroup;
			children = (
				3608EC102225B19000866DED /* TopHeadlinesViewViewModel.swift */,
			);
			path = "View Model";
			sourceTree = "<group>";
		};
		360B5D73222416E600C76300 /* News */ = {
			isa = PBXGroup;
			children = (
				366EF9782224346200CE345E /* GetTopHeadlinesUseCase.swift */,
				360C55872237E4CF00602CA6 /* GetNewsSourcesUseCase.swift */,
				360C558F2237EB6C00602CA6 /* GetNewsCountriesUseCase.swift */,
				360C55912237EBF400602CA6 /* GetNewsCategoriesUseCase.swift */,
			);
			path = News;
			sourceTree = "<group>";
		};
		360B5D74222417A600C76300 /* Core */ = {
			isa = PBXGroup;
			children = (
				360532842226882C00825D5B /* Obfuscator */,
				366EF98A2224400900CE345E /* View Models */,
				36FEDDCB221DAEA500FEABBE /* Clients */,
				36F558F6221EA79A00CA9B69 /* Use Cases */,
				36FEDDD6221DB37800FEABBE /* Models */,
				36F558F7221EA94100CA9B69 /* Gateways */,
				360B5D75222417AE00C76300 /* DI */,
			);
			path = Core;
			sourceTree = "<group>";
		};
		360B5D75222417AE00C76300 /* DI */ = {
			isa = PBXGroup;
			children = (
				360B5D76222417BA00C76300 /* DependencyInjector.swift */,
			);
			path = DI;
			sourceTree = "<group>";
		};
		360C55952237F92D00602CA6 /* Settings */ = {
			isa = PBXGroup;
			children = (
				360C55962237F93900602CA6 /* NewsSettings.storyboard */,
			);
			path = Settings;
			sourceTree = "<group>";
		};
		3614AE5D22293A9C00A2C82D /* Headlines Filter Settings */ = {
			isa = PBXGroup;
			children = (
				3614AE5E22293AC500A2C82D /* View Model */,
				3614AE612229413D00A2C82D /* NewsSettingsEditViewController.swift */,
			);
			path = "Headlines Filter Settings";
			sourceTree = "<group>";
		};
		3614AE5E22293AC500A2C82D /* View Model */ = {
			isa = PBXGroup;
			children = (
				366E841E22295D8C000CC218 /* NewsSettingsEditViewModel.swift */,
			);
			path = "View Model";
			sourceTree = "<group>";
		};
		364340FF223AA3B500238207 /* Image View */ = {
			isa = PBXGroup;
			children = (
				36434100223AA3CA00238207 /* MiniusLoader.swift */,
				36434102223AA4BB00238207 /* MiniusLoader.xib */,
			);
			path = "Image View";
			sourceTree = "<group>";
		};
		36568C52222700F900E81E1D /* Headlines Filter */ = {
			isa = PBXGroup;
			children = (
				3605134E2228221800D647B2 /* View Model */,
				36568C542227014100E81E1D /* HeadlinesFilterViewController.swift */,
			);
			path = "Headlines Filter";
			sourceTree = "<group>";
		};
		36568C532227012000E81E1D /* Top Headlines */ = {
			isa = PBXGroup;
			children = (
				3608EC0F2225B17200866DED /* View Model */,
				36FEDDB6221DAD7400FEABBE /* TopHeadlinesViewController.swift */,
			);
			path = "Top Headlines";
			sourceTree = "<group>";
		};
		36568C56222706A500E81E1D /* Base */ = {
			isa = PBXGroup;
			children = (
				36568C57222706B300E81E1D /* BaseViewController.swift */,
				360C55932237F72100602CA6 /* BaseNavigationController.swift */,
			);
			path = Base;
			sourceTree = "<group>";
		};
		365E87DF222834B6009CD759 /* User Defaults */ = {
			isa = PBXGroup;
			children = (
				365E87E0222834C3009CD759 /* UserDefaultsClient.swift */,
			);
			path = "User Defaults";
			sourceTree = "<group>";
		};
		366E841922295B32000CC218 /* Settings Edit Table View Cell */ = {
			isa = PBXGroup;
			children = (
				366E841C22295B47000CC218 /* HeadlinesSettingsTableViewCell.xib */,
				366E841A22295B32000CC218 /* HeadlinesSettingsTableViewCell.swift */,
			);
			path = "Settings Edit Table View Cell";
			sourceTree = "<group>";
		};
		366EF97E22243B7D00CE345E /* Headlines */ = {
			isa = PBXGroup;
			children = (
				36568C52222700F900E81E1D /* Headlines Filter */,
				3614AE5D22293A9C00A2C82D /* Headlines Filter Settings */,
				36568C532227012000E81E1D /* Top Headlines */,
			);
			path = Headlines;
			sourceTree = "<group>";
		};
		366EF97F22243D3800CE345E /* Views */ = {
			isa = PBXGroup;
			children = (
				364340FF223AA3B500238207 /* Image View */,
				36568C56222706A500E81E1D /* Base */,
				36051349222820B500D647B2 /* Collection View Cells */,
				3605328D2226F13800825D5B /* Buttons */,
				366EF98022243D4000CE345E /* Table View Cells */,
			);
			path = Views;
			sourceTree = "<group>";
		};
		366EF98022243D4000CE345E /* Table View Cells */ = {
			isa = PBXGroup;
			children = (
				366E841922295B32000CC218 /* Settings Edit Table View Cell */,
				366EF98922243FF700CE345E /* Headline Table View Cell */,
			);
			path = "Table View Cells";
			sourceTree = "<group>";
		};
		366EF98522243EB900CE345E /* Extensions */ = {
			isa = PBXGroup;
			children = (
				3608EC0C22257D2400866DED /* System */,
				366EF98622243EBE00CE345E /* UI */,
			);
			path = Extensions;
			sourceTree = "<group>";
		};
		366EF98622243EBE00CE345E /* UI */ = {
			isa = PBXGroup;
			children = (
				366EF98722243ED700CE345E /* UIView+UIVisualEffect.swift */,
				366EF98F2224426F00CE345E /* UITableViewCell+NSLayoutAnchor.swift */,
				3608EC042225587E00866DED /* NSObject.swift */,
				3614AE5F22293B6500A2C82D /* UIColor.swift */,
				366E84202229739A000CC218 /* CAGradientLayer.swift */,
				364340FD223A625500238207 /* UIImage.swift */,
			);
			path = UI;
			sourceTree = "<group>";
		};
		366EF98922243FF700CE345E /* Headline Table View Cell */ = {
			isa = PBXGroup;
			children = (
				366EF98122243D5500CE345E /* NewsHeadlineTableViewCell.swift */,
				366EF98222243D5500CE345E /* NewsHeadlineTableViewCell.xib */,
			);
			path = "Headline Table View Cell";
			sourceTree = "<group>";
		};
		366EF98A2224400900CE345E /* View Models */ = {
			isa = PBXGroup;
			children = (
				366EF98B2224401400CE345E /* Headlines */,
			);
			path = "View Models";
			sourceTree = "<group>";
		};
		366EF98B2224401400CE345E /* Headlines */ = {
			isa = PBXGroup;
			children = (
				366EF98C2224402400CE345E /* Cell */,
			);
			path = Headlines;
			sourceTree = "<group>";
		};
		366EF98C2224402400CE345E /* Cell */ = {
			isa = PBXGroup;
			children = (
				366EF98D2224403900CE345E /* TopHeadlineCellViewModel.swift */,
				365E87DC222827A3009CD759 /* HeadlineFilterCellViewModel.swift */,
			);
			path = Cell;
			sourceTree = "<group>";
		};
		366EF9912224447500CE345E /* Images */ = {
			isa = PBXGroup;
			children = (
				366EF9922224448000CE345E /* FetchImageUseCase.swift */,
			);
			path = Images;
			sourceTree = "<group>";
		};
		366EF994222444CD00CE345E /* Images */ = {
			isa = PBXGroup;
			children = (
				3608EC06222578DB00866DED /* Local */,
				366EF9AC2224486D00CE345E /* Requests */,
				366EF9A92224463800CE345E /* API */,
				366EF9A72224460500CE345E /* ImagesGateway.swift */,
			);
			path = Images;
			sourceTree = "<group>";
		};
		366EF9A92224463800CE345E /* API */ = {
			isa = PBXGroup;
			children = (
				366EF9AA2224464600CE345E /* APIImagesGateway.swift */,
			);
			path = API;
			sourceTree = "<group>";
		};
		366EF9AC2224486D00CE345E /* Requests */ = {
			isa = PBXGroup;
			children = (
				366EF9AD2224487700CE345E /* FetchImageRequest.swift */,
			);
			path = Requests;
			sourceTree = "<group>";
		};
		36F558F6221EA79A00CA9B69 /* Use Cases */ = {
			isa = PBXGroup;
			children = (
				366EF9912224447500CE345E /* Images */,
				360B5D73222416E600C76300 /* News */,
			);
			path = "Use Cases";
			sourceTree = "<group>";
		};
		36F558F7221EA94100CA9B69 /* Gateways */ = {
			isa = PBXGroup;
			children = (
				366EF994222444CD00CE345E /* Images */,
				36FEDDD2221DB15800FEABBE /* News */,
			);
			path = Gateways;
			sourceTree = "<group>";
		};
		36F558F8221EA96000CA9B69 /* API */ = {
			isa = PBXGroup;
			children = (
				366EF9A52224451700CE345E /* APINewsGateway.swift */,
				36F55902221EAEAC00CA9B69 /* Configurations */,
				36FEDDDA221DB3C900FEABBE /* Entities */,
				36FEDDD3221DB16200FEABBE /* Requests */,
			);
			path = API;
			sourceTree = "<group>";
		};
		36F558FA221EA96B00CA9B69 /* Local */ = {
			isa = PBXGroup;
			children = (
			);
			path = Local;
			sourceTree = "<group>";
		};
		36F558FF221EADC100CA9B69 /* Entities */ = {
			isa = PBXGroup;
			children = (
				36F55900221EADCA00CA9B69 /* RequestError.swift */,
			);
			path = Entities;
			sourceTree = "<group>";
		};
		36F55902221EAEAC00CA9B69 /* Configurations */ = {
			isa = PBXGroup;
			children = (
				366EF99B2224450200CE345E /* NewsAPI.swift */,
			);
			path = Configurations;
			sourceTree = "<group>";
		};
		36FEDDA8221DAD7400FEABBE = {
			isa = PBXGroup;
			children = (
				36FEDDB3221DAD7400FEABBE /* Minius */,
				36FEDDB2221DAD7400FEABBE /* Products */,
				9ADDE73296CBFF04ECA2FA1C /* Pods */,
				CB6824A1328366AEAD4CCEFB /* Frameworks */,
			);
			sourceTree = "<group>";
		};
		36FEDDB2221DAD7400FEABBE /* Products */ = {
			isa = PBXGroup;
			children = (
				36FEDDB1221DAD7400FEABBE /* Minius.app */,
			);
			name = Products;
			sourceTree = "<group>";
		};
		36FEDDB3221DAD7400FEABBE /* Minius */ = {
			isa = PBXGroup;
			children = (
				366EF98522243EB900CE345E /* Extensions */,
				366EF97F22243D3800CE345E /* Views */,
				360B5D74222417A600C76300 /* Core */,
				36FEDDCA221DADCB00FEABBE /* Supporting Files */,
				36FEDDC9221DADC500FEABBE /* Resources */,
				36FEDDC8221DADB600FEABBE /* Storyboards */,
				36FEDDC7221DADB100FEABBE /* View Controllers */,
				36FEDDC6221DADA500FEABBE /* Application Delegate */,
			);
			path = Minius;
			sourceTree = "<group>";
		};
		36FEDDC6221DADA500FEABBE /* Application Delegate */ = {
			isa = PBXGroup;
			children = (
				36FEDDB4221DAD7400FEABBE /* AppDelegate.swift */,
			);
			path = "Application Delegate";
			sourceTree = "<group>";
		};
		36FEDDC7221DADB100FEABBE /* View Controllers */ = {
			isa = PBXGroup;
			children = (
				3608EC0122254ECB00866DED /* Article Detail */,
				366EF97E22243B7D00CE345E /* Headlines */,
			);
			path = "View Controllers";
			sourceTree = "<group>";
		};
		36FEDDC8221DADB600FEABBE /* Storyboards */ = {
			isa = PBXGroup;
			children = (
				360C55952237F92D00602CA6 /* Settings */,
				36FEDDB8221DAD7400FEABBE /* Main.storyboard */,
				36FEDDBD221DAD7500FEABBE /* LaunchScreen.storyboard */,
			);
			path = Storyboards;
			sourceTree = "<group>";
		};
		36FEDDC9221DADC500FEABBE /* Resources */ = {
			isa = PBXGroup;
			children = (
				36FEDDBB221DAD7500FEABBE /* Assets.xcassets */,
			);
			path = Resources;
			sourceTree = "<group>";
		};
		36FEDDCA221DADCB00FEABBE /* Supporting Files */ = {
			isa = PBXGroup;
			children = (
				36FEDDC0221DAD7500FEABBE /* Info.plist */,
			);
			path = "Supporting Files";
			sourceTree = "<group>";
		};
		36FEDDCB221DAEA500FEABBE /* Clients */ = {
			isa = PBXGroup;
			children = (
				365E87DF222834B6009CD759 /* User Defaults */,
				3608EC0922257C4C00866DED /* Cache */,
				36FEDDCC221DAEAB00FEABBE /* Network */,
			);
			path = Clients;
			sourceTree = "<group>";
		};
		36FEDDCC221DAEAB00FEABBE /* Network */ = {
			isa = PBXGroup;
			children = (
				36FEDDCF221DAFD900FEABBE /* API */,
				36FEDDCD221DAEBB00FEABBE /* NetworkClient.swift */,
			);
			path = Network;
			sourceTree = "<group>";
		};
		36FEDDCF221DAFD900FEABBE /* API */ = {
			isa = PBXGroup;
			children = (
				36F558FF221EADC100CA9B69 /* Entities */,
				36FEDDE4221DBDF900FEABBE /* Enums */,
				36FEDDDF221DBA8700FEABBE /* Protocols */,
				36FEDDD4221DB23800FEABBE /* Result.swift */,
			);
			path = API;
			sourceTree = "<group>";
		};
		36FEDDD2221DB15800FEABBE /* News */ = {
			isa = PBXGroup;
			children = (
				36FEDDE7221DC7BF00FEABBE /* Enums */,
				36F558F8221EA96000CA9B69 /* API */,
				36F558FA221EA96B00CA9B69 /* Local */,
				366EF995222444D900CE345E /* NewsGateway.swift */,
			);
			name = News;
			path = ../Clients/News;
			sourceTree = "<group>";
		};
		36FEDDD3221DB16200FEABBE /* Requests */ = {
			isa = PBXGroup;
			children = (
				366EF9A12224451200CE345E /* GetTopHeadlinesRequest.swift */,
				360C55852237D21200602CA6 /* GetNewsSourcesRequest.swift */,
				366EF9A22224451200CE345E /* NewsAPIRequestProtocol.swift */,
			);
			path = Requests;
			sourceTree = "<group>";
		};
		36FEDDD6221DB37800FEABBE /* Models */ = {
			isa = PBXGroup;
			children = (
				36FEDDD9221DB3A600FEABBE /* News */,
			);
			path = Models;
			sourceTree = "<group>";
		};
		36FEDDD9221DB3A600FEABBE /* News */ = {
			isa = PBXGroup;
			children = (
				367757392228525000CB19E0 /* NewsSettings.swift */,
				36FEDDD7221DB38700FEABBE /* NewsArticle.swift */,
				360C55892237E58100602CA6 /* NewsSource.swift */,
			);
			path = News;
			sourceTree = "<group>";
		};
		36FEDDDA221DB3C900FEABBE /* Entities */ = {
			isa = PBXGroup;
			children = (
				366EF99E2224450900CE345E /* NewsAPIError.swift */,
				366EF99D2224450900CE345E /* NewsAPIResponse.swift */,
				360C558B2237E5DA00602CA6 /* NewsAPISource.swift */,
				360C558D2237E62400602CA6 /* NewsAPISourceResponse.swift */,
			);
			path = Entities;
			sourceTree = "<group>";
		};
		36FEDDDF221DBA8700FEABBE /* Protocols */ = {
			isa = PBXGroup;
			children = (
				36FEDDE0221DBAA200FEABBE /* APIRequestProtocol.swift */,
			);
			path = Protocols;
			sourceTree = "<group>";
		};
		36FEDDE4221DBDF900FEABBE /* Enums */ = {
			isa = PBXGroup;
			children = (
				36FEDDE5221DBE0700FEABBE /* HTTPHeaders.swift */,
			);
			path = Enums;
			sourceTree = "<group>";
		};
		36FEDDE7221DC7BF00FEABBE /* Enums */ = {
			isa = PBXGroup;
			children = (
				366EF997222444F600CE345E /* NewsAPICategory.swift */,
				366EF998222444F700CE345E /* NewsAPICountry.swift */,
			);
			path = Enums;
			sourceTree = "<group>";
		};
		9ADDE73296CBFF04ECA2FA1C /* Pods */ = {
			isa = PBXGroup;
			children = (
				2E3BA71690189701FE9942CE /* Pods-Minius.debug.xcconfig */,
				75DA7E48D6ECA85BC02BA245 /* Pods-Minius.release.xcconfig */,
			);
			name = Pods;
			sourceTree = "<group>";
		};
		CB6824A1328366AEAD4CCEFB /* Frameworks */ = {
			isa = PBXGroup;
			children = (
				3DCF087C6A87C6A659FBABCC /* Pods_Minius.framework */,
			);
			name = Frameworks;
			sourceTree = "<group>";
		};
/* End PBXGroup section */

/* Begin PBXNativeTarget section */
		36FEDDB0221DAD7400FEABBE /* Minius */ = {
			isa = PBXNativeTarget;
			buildConfigurationList = 36FEDDC3221DAD7500FEABBE /* Build configuration list for PBXNativeTarget "Minius" */;
			buildPhases = (
				8F434327E85AB38C743EF61B /* [CP] Check Pods Manifest.lock */,
				36FEDDAD221DAD7400FEABBE /* Sources */,
				36FEDDAE221DAD7400FEABBE /* Frameworks */,
				36FEDDAF221DAD7400FEABBE /* Resources */,
				DB6A319757A28F95F040DB92 /* [CP] Embed Pods Frameworks */,
			);
			buildRules = (
			);
			dependencies = (
			);
			name = Minius;
			productName = Minius;
			productReference = 36FEDDB1221DAD7400FEABBE /* Minius.app */;
			productType = "com.apple.product-type.application";
		};
/* End PBXNativeTarget section */

/* Begin PBXProject section */
		36FEDDA9221DAD7400FEABBE /* Project object */ = {
			isa = PBXProject;
			attributes = {
				LastSwiftUpdateCheck = 1010;
				LastUpgradeCheck = 1010;
				ORGANIZATIONNAME = "Miguel Alcântara";
				TargetAttributes = {
					36FEDDB0221DAD7400FEABBE = {
						CreatedOnToolsVersion = 10.1;
					};
				};
			};
			buildConfigurationList = 36FEDDAC221DAD7400FEABBE /* Build configuration list for PBXProject "Minius" */;
			compatibilityVersion = "Xcode 9.3";
			developmentRegion = en;
			hasScannedForEncodings = 0;
			knownRegions = (
				en,
				Base,
			);
			mainGroup = 36FEDDA8221DAD7400FEABBE;
			productRefGroup = 36FEDDB2221DAD7400FEABBE /* Products */;
			projectDirPath = "";
			projectRoot = "";
			targets = (
				36FEDDB0221DAD7400FEABBE /* Minius */,
			);
		};
/* End PBXProject section */

/* Begin PBXResourcesBuildPhase section */
		36FEDDAF221DAD7400FEABBE /* Resources */ = {
			isa = PBXResourcesBuildPhase;
			buildActionMask = 2147483647;
			files = (
				366EF98422243D5500CE345E /* NewsHeadlineTableViewCell.xib in Resources */,
				36FEDDBF221DAD7500FEABBE /* LaunchScreen.storyboard in Resources */,
				36434103223AA4BB00238207 /* MiniusLoader.xib in Resources */,
				366E841D22295B47000CC218 /* HeadlinesSettingsTableViewCell.xib in Resources */,
				360C55972237F93900602CA6 /* NewsSettings.storyboard in Resources */,
				36FEDDBC221DAD7500FEABBE /* Assets.xcassets in Resources */,
				3605134D222820E900D647B2 /* HeadlinesSettingsCollectionViewCell.xib in Resources */,
				36FEDDBA221DAD7400FEABBE /* Main.storyboard in Resources */,
			);
			runOnlyForDeploymentPostprocessing = 0;
		};
/* End PBXResourcesBuildPhase section */

/* Begin PBXShellScriptBuildPhase section */
		8F434327E85AB38C743EF61B /* [CP] Check Pods Manifest.lock */ = {
			isa = PBXShellScriptBuildPhase;
			buildActionMask = 2147483647;
			files = (
			);
			inputPaths = (
				"${PODS_PODFILE_DIR_PATH}/Podfile.lock",
				"${PODS_ROOT}/Manifest.lock",
			);
			name = "[CP] Check Pods Manifest.lock";
			outputPaths = (
				"$(DERIVED_FILE_DIR)/Pods-Minius-checkManifestLockResult.txt",
			);
			runOnlyForDeploymentPostprocessing = 0;
			shellPath = /bin/sh;
			shellScript = "diff \"${PODS_PODFILE_DIR_PATH}/Podfile.lock\" \"${PODS_ROOT}/Manifest.lock\" > /dev/null\nif [ $? != 0 ] ; then\n    # print error to STDERR\n    echo \"error: The sandbox is not in sync with the Podfile.lock. Run 'pod install' or update your CocoaPods installation.\" >&2\n    exit 1\nfi\n# This output is used by Xcode 'outputs' to avoid re-running this script phase.\necho \"SUCCESS\" > \"${SCRIPT_OUTPUT_FILE_0}\"\n";
			showEnvVarsInLog = 0;
		};
		DB6A319757A28F95F040DB92 /* [CP] Embed Pods Frameworks */ = {
			isa = PBXShellScriptBuildPhase;
			buildActionMask = 2147483647;
			files = (
			);
			inputPaths = (
				"${SRCROOT}/Pods/Target Support Files/Pods-Minius/Pods-Minius-frameworks.sh",
				"${BUILT_PRODUCTS_DIR}/Alamofire/Alamofire.framework",
				"${BUILT_PRODUCTS_DIR}/Differentiator/Differentiator.framework",
				"${BUILT_PRODUCTS_DIR}/Hero/Hero.framework",
				"${BUILT_PRODUCTS_DIR}/RxAlamofire/RxAlamofire.framework",
				"${BUILT_PRODUCTS_DIR}/RxAtomic/RxAtomic.framework",
				"${BUILT_PRODUCTS_DIR}/RxCocoa/RxCocoa.framework",
				"${BUILT_PRODUCTS_DIR}/RxDataSources/RxDataSources.framework",
				"${BUILT_PRODUCTS_DIR}/RxSwift/RxSwift.framework",
				"${BUILT_PRODUCTS_DIR}/Swinject/Swinject.framework",
				"${BUILT_PRODUCTS_DIR}/SwinjectAutoregistration/SwinjectAutoregistration.framework",
				"${BUILT_PRODUCTS_DIR}/SwinjectStoryboard/SwinjectStoryboard.framework",
			);
			name = "[CP] Embed Pods Frameworks";
			outputPaths = (
				"${TARGET_BUILD_DIR}/${FRAMEWORKS_FOLDER_PATH}/Alamofire.framework",
				"${TARGET_BUILD_DIR}/${FRAMEWORKS_FOLDER_PATH}/Differentiator.framework",
				"${TARGET_BUILD_DIR}/${FRAMEWORKS_FOLDER_PATH}/Hero.framework",
				"${TARGET_BUILD_DIR}/${FRAMEWORKS_FOLDER_PATH}/RxAlamofire.framework",
				"${TARGET_BUILD_DIR}/${FRAMEWORKS_FOLDER_PATH}/RxAtomic.framework",
				"${TARGET_BUILD_DIR}/${FRAMEWORKS_FOLDER_PATH}/RxCocoa.framework",
				"${TARGET_BUILD_DIR}/${FRAMEWORKS_FOLDER_PATH}/RxDataSources.framework",
				"${TARGET_BUILD_DIR}/${FRAMEWORKS_FOLDER_PATH}/RxSwift.framework",
				"${TARGET_BUILD_DIR}/${FRAMEWORKS_FOLDER_PATH}/Swinject.framework",
				"${TARGET_BUILD_DIR}/${FRAMEWORKS_FOLDER_PATH}/SwinjectAutoregistration.framework",
				"${TARGET_BUILD_DIR}/${FRAMEWORKS_FOLDER_PATH}/SwinjectStoryboard.framework",
			);
			runOnlyForDeploymentPostprocessing = 0;
			shellPath = /bin/sh;
			shellScript = "\"${SRCROOT}/Pods/Target Support Files/Pods-Minius/Pods-Minius-frameworks.sh\"\n";
			showEnvVarsInLog = 0;
		};
/* End PBXShellScriptBuildPhase section */

/* Begin PBXSourcesBuildPhase section */
		36FEDDAD221DAD7400FEABBE /* Sources */ = {
			isa = PBXSourcesBuildPhase;
			buildActionMask = 2147483647;
			files = (
				366EF9902224426F00CE345E /* UITableViewCell+NSLayoutAnchor.swift in Sources */,
				365E87E1222834C3009CD759 /* UserDefaultsClient.swift in Sources */,
				360532892226AABE00825D5B /* NewsArticleViewViewModel.swift in Sources */,
				366EF9AB2224464600CE345E /* APIImagesGateway.swift in Sources */,
				36F55901221EADCA00CA9B69 /* RequestError.swift in Sources */,
				3608EC052225587E00866DED /* NSObject.swift in Sources */,
				3614AE622229413D00A2C82D /* NewsSettingsEditViewController.swift in Sources */,
				366EF9A42224451200CE345E /* NewsAPIRequestProtocol.swift in Sources */,
				360C55942237F72100602CA6 /* BaseNavigationController.swift in Sources */,
				3605328F2226F15600825D5B /* MiniusButton.swift in Sources */,
				366EF9792224346200CE345E /* GetTopHeadlinesUseCase.swift in Sources */,
				360C558C2237E5DA00602CA6 /* NewsAPISource.swift in Sources */,
				3608EC08222578E900866DED /* LocalImagesGateway.swift in Sources */,
				36FEDDB7221DAD7400FEABBE /* TopHeadlinesViewController.swift in Sources */,
				366EF9AE2224487700CE345E /* FetchImageRequest.swift in Sources */,
				3608EC112225B19000866DED /* TopHeadlinesViewViewModel.swift in Sources */,
				366EF996222444DA00CE345E /* NewsGateway.swift in Sources */,
				366E84212229739A000CC218 /* CAGradientLayer.swift in Sources */,
				366EF999222444F700CE345E /* NewsAPICategory.swift in Sources */,
				364340FE223A625500238207 /* UIImage.swift in Sources */,
				360C55862237D21200602CA6 /* GetNewsSourcesRequest.swift in Sources */,
				366EF99C2224450200CE345E /* NewsAPI.swift in Sources */,
				360C558E2237E62400602CA6 /* NewsAPISourceResponse.swift in Sources */,
				36FEDDD8221DB38700FEABBE /* NewsArticle.swift in Sources */,
				366E841F22295D8C000CC218 /* NewsSettingsEditViewModel.swift in Sources */,
				3605134C222820E900D647B2 /* HeadlinesSettingsCollectionViewCell.swift in Sources */,
				366EF99F2224450900CE345E /* NewsAPIResponse.swift in Sources */,
				366EF9932224448000CE345E /* FetchImageUseCase.swift in Sources */,
				360A31E9223916AB0056ADC3 /* UIApplication.swift in Sources */,
				360C55902237EB6C00602CA6 /* GetNewsCountriesUseCase.swift in Sources */,
				360C55882237E4CF00602CA6 /* GetNewsSourcesUseCase.swift in Sources */,
				366EF98E2224403900CE345E /* TopHeadlineCellViewModel.swift in Sources */,
				360532862226883F00825D5B /* Obfuscator.swift in Sources */,
				365E87DD222827A3009CD759 /* HeadlineFilterCellViewModel.swift in Sources */,
				366EF99A222444F700CE345E /* NewsAPICountry.swift in Sources */,
				36FEDDE1221DBAA200FEABBE /* APIRequestProtocol.swift in Sources */,
				366EF9A82224460500CE345E /* ImagesGateway.swift in Sources */,
				36568C58222706B300E81E1D /* BaseViewController.swift in Sources */,
				3608EC0B22257C5800866DED /* CacheClient.swift in Sources */,
				366EF9A02224450900CE345E /* NewsAPIError.swift in Sources */,
				3614AE6022293B6500A2C82D /* UIColor.swift in Sources */,
				3608EC032225508200866DED /* NewsArticleViewController.swift in Sources */,
				36FEDDD5221DB23800FEABBE /* Result.swift in Sources */,
				36FEDDB5221DAD7400FEABBE /* AppDelegate.swift in Sources */,
				360C55922237EBF400602CA6 /* GetNewsCategoriesUseCase.swift in Sources */,
				366EF9A32224451200CE345E /* GetTopHeadlinesRequest.swift in Sources */,
				36FEDDCE221DAEBB00FEABBE /* NetworkClient.swift in Sources */,
				360C558A2237E58100602CA6 /* NewsSource.swift in Sources */,
				360513502228222D00D647B2 /* HeadlinesFilterViewModel.swift in Sources */,
				36568C552227014100E81E1D /* HeadlinesFilterViewController.swift in Sources */,
				36434101223AA3CB00238207 /* MiniusLoader.swift in Sources */,
				3677573A2228525000CB19E0 /* NewsSettings.swift in Sources */,
				366E841B22295B32000CC218 /* HeadlinesSettingsTableViewCell.swift in Sources */,
				366EF98322243D5500CE345E /* NewsHeadlineTableViewCell.swift in Sources */,
				360B5D77222417BA00C76300 /* DependencyInjector.swift in Sources */,
				36FEDDE6221DBE0700FEABBE /* HTTPHeaders.swift in Sources */,
				366EF9A62224451800CE345E /* APINewsGateway.swift in Sources */,
				3608EC0E22257D3100866DED /* String.swift in Sources */,
				366EF98822243ED700CE345E /* UIView+UIVisualEffect.swift in Sources */,
			);
			runOnlyForDeploymentPostprocessing = 0;
		};
/* End PBXSourcesBuildPhase section */

/* Begin PBXVariantGroup section */
		36FEDDB8221DAD7400FEABBE /* Main.storyboard */ = {
			isa = PBXVariantGroup;
			children = (
				36FEDDB9221DAD7400FEABBE /* Base */,
			);
			name = Main.storyboard;
			sourceTree = "<group>";
		};
		36FEDDBD221DAD7500FEABBE /* LaunchScreen.storyboard */ = {
			isa = PBXVariantGroup;
			children = (
				36FEDDBE221DAD7500FEABBE /* Base */,
			);
			name = LaunchScreen.storyboard;
			sourceTree = "<group>";
		};
/* End PBXVariantGroup section */

/* Begin XCBuildConfiguration section */
		36FEDDC1221DAD7500FEABBE /* Debug */ = {
			isa = XCBuildConfiguration;
			buildSettings = {
				ALWAYS_SEARCH_USER_PATHS = NO;
				CLANG_ANALYZER_NONNULL = YES;
				CLANG_ANALYZER_NUMBER_OBJECT_CONVERSION = YES_AGGRESSIVE;
				CLANG_CXX_LANGUAGE_STANDARD = "gnu++14";
				CLANG_CXX_LIBRARY = "libc++";
				CLANG_ENABLE_MODULES = YES;
				CLANG_ENABLE_OBJC_ARC = YES;
				CLANG_ENABLE_OBJC_WEAK = YES;
				CLANG_WARN_BLOCK_CAPTURE_AUTORELEASING = YES;
				CLANG_WARN_BOOL_CONVERSION = YES;
				CLANG_WARN_COMMA = YES;
				CLANG_WARN_CONSTANT_CONVERSION = YES;
				CLANG_WARN_DEPRECATED_OBJC_IMPLEMENTATIONS = YES;
				CLANG_WARN_DIRECT_OBJC_ISA_USAGE = YES_ERROR;
				CLANG_WARN_DOCUMENTATION_COMMENTS = YES;
				CLANG_WARN_EMPTY_BODY = YES;
				CLANG_WARN_ENUM_CONVERSION = YES;
				CLANG_WARN_INFINITE_RECURSION = YES;
				CLANG_WARN_INT_CONVERSION = YES;
				CLANG_WARN_NON_LITERAL_NULL_CONVERSION = YES;
				CLANG_WARN_OBJC_IMPLICIT_RETAIN_SELF = YES;
				CLANG_WARN_OBJC_LITERAL_CONVERSION = YES;
				CLANG_WARN_OBJC_ROOT_CLASS = YES_ERROR;
				CLANG_WARN_RANGE_LOOP_ANALYSIS = YES;
				CLANG_WARN_STRICT_PROTOTYPES = YES;
				CLANG_WARN_SUSPICIOUS_MOVE = YES;
				CLANG_WARN_UNGUARDED_AVAILABILITY = YES_AGGRESSIVE;
				CLANG_WARN_UNREACHABLE_CODE = YES;
				CLANG_WARN__DUPLICATE_METHOD_MATCH = YES;
				CODE_SIGN_IDENTITY = "iPhone Developer";
				COPY_PHASE_STRIP = NO;
				DEBUG_INFORMATION_FORMAT = dwarf;
				ENABLE_STRICT_OBJC_MSGSEND = YES;
				ENABLE_TESTABILITY = YES;
				GCC_C_LANGUAGE_STANDARD = gnu11;
				GCC_DYNAMIC_NO_PIC = NO;
				GCC_NO_COMMON_BLOCKS = YES;
				GCC_OPTIMIZATION_LEVEL = 0;
				GCC_PREPROCESSOR_DEFINITIONS = (
					"DEBUG=1",
					"$(inherited)",
				);
				GCC_WARN_64_TO_32_BIT_CONVERSION = YES;
				GCC_WARN_ABOUT_RETURN_TYPE = YES_ERROR;
				GCC_WARN_UNDECLARED_SELECTOR = YES;
				GCC_WARN_UNINITIALIZED_AUTOS = YES_AGGRESSIVE;
				GCC_WARN_UNUSED_FUNCTION = YES;
				GCC_WARN_UNUSED_VARIABLE = YES;
				IPHONEOS_DEPLOYMENT_TARGET = 12.1;
				MTL_ENABLE_DEBUG_INFO = INCLUDE_SOURCE;
				MTL_FAST_MATH = YES;
				ONLY_ACTIVE_ARCH = YES;
				SDKROOT = iphoneos;
				SWIFT_ACTIVE_COMPILATION_CONDITIONS = DEBUG;
				SWIFT_OPTIMIZATION_LEVEL = "-Onone";
			};
			name = Debug;
		};
		36FEDDC2221DAD7500FEABBE /* Release */ = {
			isa = XCBuildConfiguration;
			buildSettings = {
				ALWAYS_SEARCH_USER_PATHS = NO;
				CLANG_ANALYZER_NONNULL = YES;
				CLANG_ANALYZER_NUMBER_OBJECT_CONVERSION = YES_AGGRESSIVE;
				CLANG_CXX_LANGUAGE_STANDARD = "gnu++14";
				CLANG_CXX_LIBRARY = "libc++";
				CLANG_ENABLE_MODULES = YES;
				CLANG_ENABLE_OBJC_ARC = YES;
				CLANG_ENABLE_OBJC_WEAK = YES;
				CLANG_WARN_BLOCK_CAPTURE_AUTORELEASING = YES;
				CLANG_WARN_BOOL_CONVERSION = YES;
				CLANG_WARN_COMMA = YES;
				CLANG_WARN_CONSTANT_CONVERSION = YES;
				CLANG_WARN_DEPRECATED_OBJC_IMPLEMENTATIONS = YES;
				CLANG_WARN_DIRECT_OBJC_ISA_USAGE = YES_ERROR;
				CLANG_WARN_DOCUMENTATION_COMMENTS = YES;
				CLANG_WARN_EMPTY_BODY = YES;
				CLANG_WARN_ENUM_CONVERSION = YES;
				CLANG_WARN_INFINITE_RECURSION = YES;
				CLANG_WARN_INT_CONVERSION = YES;
				CLANG_WARN_NON_LITERAL_NULL_CONVERSION = YES;
				CLANG_WARN_OBJC_IMPLICIT_RETAIN_SELF = YES;
				CLANG_WARN_OBJC_LITERAL_CONVERSION = YES;
				CLANG_WARN_OBJC_ROOT_CLASS = YES_ERROR;
				CLANG_WARN_RANGE_LOOP_ANALYSIS = YES;
				CLANG_WARN_STRICT_PROTOTYPES = YES;
				CLANG_WARN_SUSPICIOUS_MOVE = YES;
				CLANG_WARN_UNGUARDED_AVAILABILITY = YES_AGGRESSIVE;
				CLANG_WARN_UNREACHABLE_CODE = YES;
				CLANG_WARN__DUPLICATE_METHOD_MATCH = YES;
				CODE_SIGN_IDENTITY = "iPhone Developer";
				COPY_PHASE_STRIP = NO;
				DEBUG_INFORMATION_FORMAT = "dwarf-with-dsym";
				ENABLE_NS_ASSERTIONS = NO;
				ENABLE_STRICT_OBJC_MSGSEND = YES;
				GCC_C_LANGUAGE_STANDARD = gnu11;
				GCC_NO_COMMON_BLOCKS = YES;
				GCC_WARN_64_TO_32_BIT_CONVERSION = YES;
				GCC_WARN_ABOUT_RETURN_TYPE = YES_ERROR;
				GCC_WARN_UNDECLARED_SELECTOR = YES;
				GCC_WARN_UNINITIALIZED_AUTOS = YES_AGGRESSIVE;
				GCC_WARN_UNUSED_FUNCTION = YES;
				GCC_WARN_UNUSED_VARIABLE = YES;
				IPHONEOS_DEPLOYMENT_TARGET = 12.1;
				MTL_ENABLE_DEBUG_INFO = NO;
				MTL_FAST_MATH = YES;
				SDKROOT = iphoneos;
				SWIFT_COMPILATION_MODE = wholemodule;
				SWIFT_OPTIMIZATION_LEVEL = "-O";
				VALIDATE_PRODUCT = YES;
			};
			name = Release;
		};
		36FEDDC4221DAD7500FEABBE /* Debug */ = {
			isa = XCBuildConfiguration;
			baseConfigurationReference = 2E3BA71690189701FE9942CE /* Pods-Minius.debug.xcconfig */;
			buildSettings = {
				ASSETCATALOG_COMPILER_APPICON_NAME = AppIcon;
				CODE_SIGN_STYLE = Automatic;
				DEVELOPMENT_TEAM = NDY5Y42TXJ;
				INFOPLIST_FILE = "$(SRCROOT)/Minius/Supporting Files/Info.plist";
				LD_RUNPATH_SEARCH_PATHS = (
					"$(inherited)",
					"@executable_path/Frameworks",
				);
				PRODUCT_BUNDLE_IDENTIFIER = asd.Minius;
				PRODUCT_NAME = "$(TARGET_NAME)";
				SWIFT_VERSION = 4.2;
				TARGETED_DEVICE_FAMILY = "1,2";
			};
			name = Debug;
		};
		36FEDDC5221DAD7500FEABBE /* Release */ = {
			isa = XCBuildConfiguration;
			baseConfigurationReference = 75DA7E48D6ECA85BC02BA245 /* Pods-Minius.release.xcconfig */;
			buildSettings = {
				ASSETCATALOG_COMPILER_APPICON_NAME = AppIcon;
				CODE_SIGN_STYLE = Automatic;
				DEVELOPMENT_TEAM = NDY5Y42TXJ;
				INFOPLIST_FILE = "$(SRCROOT)/Minius/Supporting Files/Info.plist";
				LD_RUNPATH_SEARCH_PATHS = (
					"$(inherited)",
					"@executable_path/Frameworks",
				);
				PRODUCT_BUNDLE_IDENTIFIER = asd.Minius;
				PRODUCT_NAME = "$(TARGET_NAME)";
				SWIFT_VERSION = 4.2;
				TARGETED_DEVICE_FAMILY = "1,2";
			};
			name = Release;
		};
/* End XCBuildConfiguration section */

/* Begin XCConfigurationList section */
		36FEDDAC221DAD7400FEABBE /* Build configuration list for PBXProject "Minius" */ = {
			isa = XCConfigurationList;
			buildConfigurations = (
				36FEDDC1221DAD7500FEABBE /* Debug */,
				36FEDDC2221DAD7500FEABBE /* Release */,
			);
			defaultConfigurationIsVisible = 0;
			defaultConfigurationName = Release;
		};
		36FEDDC3221DAD7500FEABBE /* Build configuration list for PBXNativeTarget "Minius" */ = {
			isa = XCConfigurationList;
			buildConfigurations = (
				36FEDDC4221DAD7500FEABBE /* Debug */,
				36FEDDC5221DAD7500FEABBE /* Release */,
			);
			defaultConfigurationIsVisible = 0;
			defaultConfigurationName = Release;
		};
/* End XCConfigurationList section */
	};
	rootObject = 36FEDDA9221DAD7400FEABBE /* Project object */;
}
